{
  "projects": [
    {
      "projectId": "tH77ekFNugan8Yv3d3xJez",
      "version": "latest",
      "dependencies": {},
      "lang": "ts",
      "fileLocks": [
        {
          "type": "globalVariant",
          "assetId": "TBEXn6qPotTU",
          "checksum": "706da5035617e1a0e49f0b6ae1af5647"
        },
        {
          "type": "renderModule",
          "assetId": "Xawb-6P8kx",
          "checksum": "22b7f764dfdb98f1b07f335d93f94a55"
        },
        {
          "type": "cssRules",
          "assetId": "Xawb-6P8kx",
          "checksum": "22b7f764dfdb98f1b07f335d93f94a55"
        },
        {
          "type": "renderModule",
          "assetId": "Z70s2K4zPR",
          "checksum": "5cec750e8af2ec4bbd6f5276bf1d212e"
        },
        {
          "type": "cssRules",
          "assetId": "Z70s2K4zPR",
          "checksum": "5cec750e8af2ec4bbd6f5276bf1d212e"
        },
        {
          "type": "renderModule",
          "assetId": "LgyDaVryVh",
          "checksum": "56f0d30d019b566470577a136414a9c9"
        },
        {
          "type": "cssRules",
          "assetId": "LgyDaVryVh",
          "checksum": "56f0d30d019b566470577a136414a9c9"
        },
        {
          "assetId": "tH77ekFNugan8Yv3d3xJez",
          "type": "projectCss",
          "checksum": "694950c2548f89e5a2c522b783690c12"
        },
        {
          "type": "icon",
          "assetId": "VfjbLxU-bA",
          "checksum": "e0b72abd812f32611f02e77f7ed6d162"
        },
        {
          "type": "icon",
          "assetId": "_2iYp9TARO",
          "checksum": "9a6355a1e3291fbffc8cfb471ffe82fa"
        },
        {
          "type": "icon",
          "assetId": "2TUbGrU8Nj",
          "checksum": "3e89ff84fcaa0d2d1c8f977bef9dcb28"
        },
        {
          "type": "icon",
          "assetId": "T-bi-rtb01",
          "checksum": "5d61a8d442116e66ccf6ce853f169561"
        }
      ]
    }
  ],
  "cliVersion": "0.1.134"
}
