{
  "projects": [
    {
      "projectId": "taNK5uwsoPrzfpYmBVwUwX",
      "version": "latest",
      "dependencies": {},
      "lang": "ts",
      "fileLocks": [
        {
          "type": "renderModule",
          "assetId": "1YzUicnY5mUG",
          "checksum": "95de8a8a16c14018cfea2707ba80f85f"
        },
        {
          "type": "cssRules",
          "assetId": "1YzUicnY5mUG",
          "checksum": "95de8a8a16c14018cfea2707ba80f85f"
        },
        {
          "type": "renderModule",
          "assetId": "coNtjSHoDNSq",
          "checksum": "1b2550f5648c5260296314f6c7f6b7fc"
        },
        {
          "type": "cssRules",
          "assetId": "coNtjSHoDNSq",
          "checksum": "1b2550f5648c5260296314f6c7f6b7fc"
        },
        {
          "type": "renderModule",
          "assetId": "iVIFERpAtmin",
          "checksum": "32ca86bb2f90ac61b21465503e7f4717"
        },
        {
          "type": "cssRules",
          "assetId": "iVIFERpAtmin",
          "checksum": "32ca86bb2f90ac61b21465503e7f4717"
        },
        {
          "type": "renderModule",
          "assetId": "8Wh2IAEsoffQ",
          "checksum": "e82b98c5c6435daeddc31dd235fa26da"
        },
        {
          "type": "cssRules",
          "assetId": "8Wh2IAEsoffQ",
          "checksum": "e82b98c5c6435daeddc31dd235fa26da"
        },
        {
          "type": "renderModule",
          "assetId": "q0dOUzxbuGpk",
          "checksum": "9e0ae754383f092d75eec327fe4ad67e"
        },
        {
          "type": "cssRules",
          "assetId": "q0dOUzxbuGpk",
          "checksum": "9e0ae754383f092d75eec327fe4ad67e"
        },
        {
          "type": "renderModule",
          "assetId": "XGWqRhmEjwRw",
          "checksum": "e8bb7f63ef618e5b4f98a270fabeb7fc"
        },
        {
          "type": "cssRules",
          "assetId": "XGWqRhmEjwRw",
          "checksum": "e8bb7f63ef618e5b4f98a270fabeb7fc"
        },
        {
          "type": "renderModule",
          "assetId": "5OdShbT02UoK",
          "checksum": "f3ec61a64fa559a14b7bfb3e9eaf7cb5"
        },
        {
          "type": "cssRules",
          "assetId": "5OdShbT02UoK",
          "checksum": "f3ec61a64fa559a14b7bfb3e9eaf7cb5"
        },
        {
          "type": "renderModule",
          "assetId": "5PPvgjCI8WyM",
          "checksum": "d47c61d3f6730f9a7ddced0e9a7efc9c"
        },
        {
          "type": "cssRules",
          "assetId": "5PPvgjCI8WyM",
          "checksum": "d47c61d3f6730f9a7ddced0e9a7efc9c"
        },
        {
          "type": "renderModule",
          "assetId": "2cidd9ockVoM",
          "checksum": "2e89e56e0a1f4ae84db366d37ad4872b"
        },
        {
          "type": "cssRules",
          "assetId": "2cidd9ockVoM",
          "checksum": "2e89e56e0a1f4ae84db366d37ad4872b"
        },
        {
          "type": "renderModule",
          "assetId": "NUaRKxTU3gYx",
          "checksum": "4046f4528ee5fd70ee2582690444455c"
        },
        {
          "type": "cssRules",
          "assetId": "NUaRKxTU3gYx",
          "checksum": "4046f4528ee5fd70ee2582690444455c"
        },
        {
          "type": "renderModule",
          "assetId": "dNwSNaiJfR5y",
          "checksum": "a2a8f52dae52b0ee18a7e03bfd3f4381"
        },
        {
          "type": "cssRules",
          "assetId": "dNwSNaiJfR5y",
          "checksum": "a2a8f52dae52b0ee18a7e03bfd3f4381"
        },
        {
          "type": "renderModule",
          "assetId": "t8pedfUoDPO4",
          "checksum": "0a52666b82628c6ed6c2b5cdfbaa2c03"
        },
        {
          "type": "cssRules",
          "assetId": "t8pedfUoDPO4",
          "checksum": "0a52666b82628c6ed6c2b5cdfbaa2c03"
        },
        {
          "type": "renderModule",
          "assetId": "aekteDGKbn5u",
          "checksum": "3ecdbbe6cad244bbc16eef01f6acf9ee"
        },
        {
          "type": "cssRules",
          "assetId": "aekteDGKbn5u",
          "checksum": "3ecdbbe6cad244bbc16eef01f6acf9ee"
        },
        {
          "type": "renderModule",
          "assetId": "I_o0WZFfuhAO",
          "checksum": "3e8c6d5df6dce0b97c76f59ce776482f"
        },
        {
          "type": "cssRules",
          "assetId": "I_o0WZFfuhAO",
          "checksum": "3e8c6d5df6dce0b97c76f59ce776482f"
        },
        {
          "type": "renderModule",
          "assetId": "xmHJRn1lA9BZ",
          "checksum": "3930ddeb8ac9e4764c577b989d239c99"
        },
        {
          "type": "cssRules",
          "assetId": "xmHJRn1lA9BZ",
          "checksum": "3930ddeb8ac9e4764c577b989d239c99"
        },
        {
          "type": "renderModule",
          "assetId": "akS-yd3gJU3j",
          "checksum": "0ca0f3f50d45314c5946ccdc714f59a2"
        },
        {
          "type": "cssRules",
          "assetId": "akS-yd3gJU3j",
          "checksum": "0ca0f3f50d45314c5946ccdc714f59a2"
        },
        {
          "type": "renderModule",
          "assetId": "rUeSkh2_5k3b",
          "checksum": "4cf0e0820b57d3c1e590758832256209"
        },
        {
          "type": "cssRules",
          "assetId": "rUeSkh2_5k3b",
          "checksum": "4cf0e0820b57d3c1e590758832256209"
        },
        {
          "assetId": "taNK5uwsoPrzfpYmBVwUwX",
          "type": "projectCss",
          "checksum": "e9bc8de8d93206548a8067cd8e09bc97"
        }
      ],
      "codegenVersion": "0.0.1"
    }
  ],
  "cliVersion": "0.1.338"
}
