{
  "projects": [
    {
      "projectId": "taNK5uwsoPrzfpYmBVwUwX",
      "version": "latest",
      "dependencies": {},
      "lang": "ts",
      "fileLocks": [
        {
          "type": "renderModule",
          "assetId": "1YzUicnY5mUG",
          "checksum": "95de8a8a16c14018cfea2707ba80f85f"
        },
        {
          "type": "cssRules",
          "assetId": "1YzUicnY5mUG",
          "checksum": "95de8a8a16c14018cfea2707ba80f85f"
        },
        {
          "type": "renderModule",
          "assetId": "coNtjSHoDNSq",
          "checksum": "1b2550f5648c5260296314f6c7f6b7fc"
        },
        {
          "type": "cssRules",
          "assetId": "coNtjSHoDNSq",
          "checksum": "1b2550f5648c5260296314f6c7f6b7fc"
        },
        {
          "type": "renderModule",
          "assetId": "iVIFERpAtmin",
          "checksum": "32ca86bb2f90ac61b21465503e7f4717"
        },
        {
          "type": "cssRules",
          "assetId": "iVIFERpAtmin",
          "checksum": "32ca86bb2f90ac61b21465503e7f4717"
        },
        {
          "type": "renderModule",
          "assetId": "8Wh2IAEsoffQ",
          "checksum": "e82b98c5c6435daeddc31dd235fa26da"
        },
        {
          "type": "cssRules",
          "assetId": "8Wh2IAEsoffQ",
          "checksum": "e82b98c5c6435daeddc31dd235fa26da"
        },
        {
          "type": "renderModule",
          "assetId": "q0dOUzxbuGpk",
          "checksum": "9e0ae754383f092d75eec327fe4ad67e"
        },
        {
          "type": "cssRules",
          "assetId": "q0dOUzxbuGpk",
          "checksum": "9e0ae754383f092d75eec327fe4ad67e"
        },
        {
          "type": "renderModule",
          "assetId": "XGWqRhmEjwRw",
          "checksum": "e8bb7f63ef618e5b4f98a270fabeb7fc"
        },
        {
          "type": "cssRules",
          "assetId": "XGWqRhmEjwRw",
          "checksum": "e8bb7f63ef618e5b4f98a270fabeb7fc"
        },
        {
          "type": "renderModule",
          "assetId": "5OdShbT02UoK",
          "checksum": "595a5f39e87606779ac5482333b65991"
        },
        {
          "type": "cssRules",
          "assetId": "5OdShbT02UoK",
          "checksum": "595a5f39e87606779ac5482333b65991"
        },
        {
          "type": "renderModule",
          "assetId": "5PPvgjCI8WyM",
          "checksum": "d47c61d3f6730f9a7ddced0e9a7efc9c"
        },
        {
          "type": "cssRules",
          "assetId": "5PPvgjCI8WyM",
          "checksum": "d47c61d3f6730f9a7ddced0e9a7efc9c"
        },
        {
          "type": "renderModule",
          "assetId": "2cidd9ockVoM",
          "checksum": "2e89e56e0a1f4ae84db366d37ad4872b"
        },
        {
          "type": "cssRules",
          "assetId": "2cidd9ockVoM",
          "checksum": "2e89e56e0a1f4ae84db366d37ad4872b"
        },
        {
          "type": "renderModule",
          "assetId": "NUaRKxTU3gYx",
          "checksum": "8f8126034e87752173a62fc3019e0317"
        },
        {
          "type": "cssRules",
          "assetId": "NUaRKxTU3gYx",
          "checksum": "8f8126034e87752173a62fc3019e0317"
        },
        {
          "type": "renderModule",
          "assetId": "dNwSNaiJfR5y",
          "checksum": "e8e9cefb93f6340ebf550543b8792782"
        },
        {
          "type": "cssRules",
          "assetId": "dNwSNaiJfR5y",
          "checksum": "e8e9cefb93f6340ebf550543b8792782"
        },
        {
          "type": "renderModule",
          "assetId": "t8pedfUoDPO4",
          "checksum": "8a154a371a004309ad3d80b5478cf3bb"
        },
        {
          "type": "cssRules",
          "assetId": "t8pedfUoDPO4",
          "checksum": "8a154a371a004309ad3d80b5478cf3bb"
        },
        {
          "type": "renderModule",
          "assetId": "aekteDGKbn5u",
          "checksum": "3ecdbbe6cad244bbc16eef01f6acf9ee"
        },
        {
          "type": "cssRules",
          "assetId": "aekteDGKbn5u",
          "checksum": "3ecdbbe6cad244bbc16eef01f6acf9ee"
        },
        {
          "type": "renderModule",
          "assetId": "I_o0WZFfuhAO",
          "checksum": "1ebb3bfa998e84129693b2388fd7a7b1"
        },
        {
          "type": "cssRules",
          "assetId": "I_o0WZFfuhAO",
          "checksum": "1ebb3bfa998e84129693b2388fd7a7b1"
        },
        {
          "type": "renderModule",
          "assetId": "xmHJRn1lA9BZ",
          "checksum": "f3412995e0d7c9a9ba8829f9b7e1b13a"
        },
        {
          "type": "cssRules",
          "assetId": "xmHJRn1lA9BZ",
          "checksum": "f3412995e0d7c9a9ba8829f9b7e1b13a"
        },
        {
          "type": "renderModule",
          "assetId": "akS-yd3gJU3j",
          "checksum": "d3d837b54eb4158d973b3b75c59ecaf3"
        },
        {
          "type": "cssRules",
          "assetId": "akS-yd3gJU3j",
          "checksum": "d3d837b54eb4158d973b3b75c59ecaf3"
        },
        {
          "type": "renderModule",
          "assetId": "rUeSkh2_5k3b",
          "checksum": "432d10406a624b3a35a1c6e0daa36de0"
        },
        {
          "type": "cssRules",
          "assetId": "rUeSkh2_5k3b",
          "checksum": "432d10406a624b3a35a1c6e0daa36de0"
        },
        {
          "assetId": "taNK5uwsoPrzfpYmBVwUwX",
          "type": "projectCss",
          "checksum": "e9bc8de8d93206548a8067cd8e09bc97"
        }
      ],
      "codegenVersion": "0.0.1"
    }
  ],
  "cliVersion": "0.1.338"
}
