lockfileVersion: '9.0'

settings:
  autoInstallPeers: true
  excludeLinksFromLockfile: false

importers:

  .:
    dependencies:
      '@plasmicapp/loader-nextjs':
        specifier: ^1.0.445
        version: 1.0.455(next@15.5.3(react-dom@18.3.1(react@18.3.1))(react@18.3.1))(react-dom@18.3.1(react@18.3.1))(react@18.3.1)
      next:
        specifier: 15.5.3
        version: 15.5.3(react-dom@18.3.1(react@18.3.1))(react@18.3.1)
      react:
        specifier: 18.3.1
        version: 18.3.1
      react-dom:
        specifier: 18.3.1
        version: 18.3.1(react@18.3.1)
    devDependencies:
      '@types/node':
        specifier: ^18.9.130
        version: 18.19.130
      '@types/react':
        specifier: 18.3.27
        version: 18.3.27
      '@types/react-dom':
        specifier: 18.3.7
        version: 18.3.7(@types/react@18.3.27)
      typescript:
        specifier: 6.0.3
        version: 6.0.3

packages:

  '@emnapi/runtime@1.8.1':
    resolution: {integrity: sha512-mehfKSMWjjNol8659Z8KxEMrdSJDDot5SXMq00dM8BN4o+CLNXQ0xH2V7EchNHV4RmbZLmmPdEaXZc5H2FXmDg==}

  '@img/colour@1.1.0':
    resolution: {integrity: sha512-Td76q7j57o/tLVdgS746cYARfSyxk8iEfRxewL9h4OMzYhbW4TAcppl0mT4eyqXddh6L/jwoM75mo7ixa/pCeQ==}
    engines: {node: '>=18'}

  '@img/sharp-darwin-arm64@0.34.5':
    resolution: {integrity: sha512-imtQ3WMJXbMY4fxb/Ndp6HBTNVtWCUI0WdobyheGf5+ad6xX8VIDO8u2xE4qc/fr08CKG/7dDseFtn6M6g/r3w==}
    engines: {node: ^18.17.0 || ^20.3.0 || >=21.0.0}
    cpu: [arm64]
    os: [darwin]

  '@img/sharp-darwin-x64@0.34.5':
    resolution: {integrity: sha512-YNEFAF/4KQ/PeW0N+r+aVVsoIY0/qxxikF2SWdp+NRkmMB7y9LBZAVqQ4yhGCm/H3H270OSykqmQMKLBhBJDEw==}
    engines: {node: ^18.17.0 || ^20.3.0 || >=21.0.0}
    cpu: [x64]
    os: [darwin]

  '@img/sharp-libvips-darwin-arm64@1.2.4':
    resolution: {integrity: sha512-zqjjo7RatFfFoP0MkQ51jfuFZBnVE2pRiaydKJ1G/rHZvnsrHAOcQALIi9sA5co5xenQdTugCvtb1cuf78Vf4g==}
    cpu: [arm64]
    os: [darwin]

  '@img/sharp-libvips-darwin-x64@1.2.4':
    resolution: {integrity: sha512-1IOd5xfVhlGwX+zXv2N93k0yMONvUlANylbJw1eTah8K/Jtpi15KC+WSiaX/nBmbm2HxRM1gZ0nSdjSsrZbGKg==}
    cpu: [x64]
    os: [darwin]

  '@img/sharp-libvips-linux-arm64@1.2.4':
    resolution: {integrity: sha512-excjX8DfsIcJ10x1Kzr4RcWe1edC9PquDRRPx3YVCvQv+U5p7Yin2s32ftzikXojb1PIFc/9Mt28/y+iRklkrw==}
    cpu: [arm64]
    os: [linux]
    libc: [glibc]

  '@img/sharp-libvips-linux-arm@1.2.4':
    resolution: {integrity: sha512-bFI7xcKFELdiNCVov8e44Ia4u2byA+l3XtsAj+Q8tfCwO6BQ8iDojYdvoPMqsKDkuoOo+X6HZA0s0q11ANMQ8A==}
    cpu: [arm]
    os: [linux]
    libc: [glibc]

  '@img/sharp-libvips-linux-ppc64@1.2.4':
    resolution: {integrity: sha512-FMuvGijLDYG6lW+b/UvyilUWu5Ayu+3r2d1S8notiGCIyYU/76eig1UfMmkZ7vwgOrzKzlQbFSuQfgm7GYUPpA==}
    cpu: [ppc64]
    os: [linux]
    libc: [glibc]

  '@img/sharp-libvips-linux-riscv64@1.2.4':
    resolution: {integrity: sha512-oVDbcR4zUC0ce82teubSm+x6ETixtKZBh/qbREIOcI3cULzDyb18Sr/Wcyx7NRQeQzOiHTNbZFF1UwPS2scyGA==}
    cpu: [riscv64]
    os: [linux]
    libc: [glibc]

  '@img/sharp-libvips-linux-s390x@1.2.4':
    resolution: {integrity: sha512-qmp9VrzgPgMoGZyPvrQHqk02uyjA0/QrTO26Tqk6l4ZV0MPWIW6LTkqOIov+J1yEu7MbFQaDpwdwJKhbJvuRxQ==}
    cpu: [s390x]
    os: [linux]
    libc: [glibc]

  '@img/sharp-libvips-linux-x64@1.2.4':
    resolution: {integrity: sha512-tJxiiLsmHc9Ax1bz3oaOYBURTXGIRDODBqhveVHonrHJ9/+k89qbLl0bcJns+e4t4rvaNBxaEZsFtSfAdquPrw==}
    cpu: [x64]
    os: [linux]
    libc: [glibc]

  '@img/sharp-libvips-linuxmusl-arm64@1.2.4':
    resolution: {integrity: sha512-FVQHuwx1IIuNow9QAbYUzJ+En8KcVm9Lk5+uGUQJHaZmMECZmOlix9HnH7n1TRkXMS0pGxIJokIVB9SuqZGGXw==}
    cpu: [arm64]
    os: [linux]
    libc: [musl]

  '@img/sharp-libvips-linuxmusl-x64@1.2.4':
    resolution: {integrity: sha512-+LpyBk7L44ZIXwz/VYfglaX/okxezESc6UxDSoyo2Ks6Jxc4Y7sGjpgU9s4PMgqgjj1gZCylTieNamqA1MF7Dg==}
    cpu: [x64]
    os: [linux]
    libc: [musl]

  '@img/sharp-linux-arm64@0.34.5':
    resolution: {integrity: sha512-bKQzaJRY/bkPOXyKx5EVup7qkaojECG6NLYswgktOZjaXecSAeCWiZwwiFf3/Y+O1HrauiE3FVsGxFg8c24rZg==}
    engines: {node: ^18.17.0 || ^20.3.0 || >=21.0.0}
    cpu: [arm64]
    os: [linux]
    libc: [glibc]

  '@img/sharp-linux-arm@0.34.5':
    resolution: {integrity: sha512-9dLqsvwtg1uuXBGZKsxem9595+ujv0sJ6Vi8wcTANSFpwV/GONat5eCkzQo/1O6zRIkh0m/8+5BjrRr7jDUSZw==}
    engines: {node: ^18.17.0 || ^20.3.0 || >=21.0.0}
    cpu: [arm]
    os: [linux]
    libc: [glibc]

  '@img/sharp-linux-ppc64@0.34.5':
    resolution: {integrity: sha512-7zznwNaqW6YtsfrGGDA6BRkISKAAE1Jo0QdpNYXNMHu2+0dTrPflTLNkpc8l7MUP5M16ZJcUvysVWWrMefZquA==}
    engines: {node: ^18.17.0 || ^20.3.0 || >=21.0.0}
    cpu: [ppc64]
    os: [linux]
    libc: [glibc]

  '@img/sharp-linux-riscv64@0.34.5':
    resolution: {integrity: sha512-51gJuLPTKa7piYPaVs8GmByo7/U7/7TZOq+cnXJIHZKavIRHAP77e3N2HEl3dgiqdD/w0yUfiJnII77PuDDFdw==}
    engines: {node: ^18.17.0 || ^20.3.0 || >=21.0.0}
    cpu: [riscv64]
    os: [linux]
    libc: [glibc]

  '@img/sharp-linux-s390x@0.34.5':
    resolution: {integrity: sha512-nQtCk0PdKfho3eC5MrbQoigJ2gd1CgddUMkabUj+rBevs8tZ2cULOx46E7oyX+04WGfABgIwmMC0VqieTiR4jg==}
    engines: {node: ^18.17.0 || ^20.3.0 || >=21.0.0}
    cpu: [s390x]
    os: [linux]
    libc: [glibc]

  '@img/sharp-linux-x64@0.34.5':
    resolution: {integrity: sha512-MEzd8HPKxVxVenwAa+JRPwEC7QFjoPWuS5NZnBt6B3pu7EG2Ge0id1oLHZpPJdn3OQK+BQDiw9zStiHBTJQQQQ==}
    engines: {node: ^18.17.0 || ^20.3.0 || >=21.0.0}
    cpu: [x64]
    os: [linux]
    libc: [glibc]

  '@img/sharp-linuxmusl-arm64@0.34.5':
    resolution: {integrity: sha512-fprJR6GtRsMt6Kyfq44IsChVZeGN97gTD331weR1ex1c1rypDEABN6Tm2xa1wE6lYb5DdEnk03NZPqA7Id21yg==}
    engines: {node: ^18.17.0 || ^20.3.0 || >=21.0.0}
    cpu: [arm64]
    os: [linux]
    libc: [musl]

  '@img/sharp-linuxmusl-x64@0.34.5':
    resolution: {integrity: sha512-Jg8wNT1MUzIvhBFxViqrEhWDGzqymo3sV7z7ZsaWbZNDLXRJZoRGrjulp60YYtV4wfY8VIKcWidjojlLcWrd8Q==}
    engines: {node: ^18.17.0 || ^20.3.0 || >=21.0.0}
    cpu: [x64]
    os: [linux]
    libc: [musl]

  '@img/sharp-wasm32@0.34.5':
    resolution: {integrity: sha512-OdWTEiVkY2PHwqkbBI8frFxQQFekHaSSkUIJkwzclWZe64O1X4UlUjqqqLaPbUpMOQk6FBu/HtlGXNblIs0huw==}
    engines: {node: ^18.17.0 || ^20.3.0 || >=21.0.0}
    cpu: [wasm32]

  '@img/sharp-win32-arm64@0.34.5':
    resolution: {integrity: sha512-WQ3AgWCWYSb2yt+IG8mnC6Jdk9Whs7O0gxphblsLvdhSpSTtmu69ZG1Gkb6NuvxsNACwiPV6cNSZNzt0KPsw7g==}
    engines: {node: ^18.17.0 || ^20.3.0 || >=21.0.0}
    cpu: [arm64]
    os: [win32]

  '@img/sharp-win32-ia32@0.34.5':
    resolution: {integrity: sha512-FV9m/7NmeCmSHDD5j4+4pNI8Cp3aW+JvLoXcTUo0IqyjSfAZJ8dIUmijx1qaJsIiU+Hosw6xM5KijAWRJCSgNg==}
    engines: {node: ^18.17.0 || ^20.3.0 || >=21.0.0}
    cpu: [ia32]
    os: [win32]

  '@img/sharp-win32-x64@0.34.5':
    resolution: {integrity: sha512-+29YMsqY2/9eFEiW93eqWnuLcWcufowXewwSNIT6UwZdUUCrM3oFjMWH/Z6/TMmb4hlFenmfAVbpWeup2jryCw==}
    engines: {node: ^18.17.0 || ^20.3.0 || >=21.0.0}
    cpu: [x64]
    os: [win32]

  '@next/env@15.5.3':
    resolution: {integrity: sha512-RSEDTRqyihYXygx/OJXwvVupfr9m04+0vH8vyy0HfZ7keRto6VX9BbEk0J2PUk0VGy6YhklJUSrgForov5F9pw==}

  '@next/swc-darwin-arm64@15.5.3':
    resolution: {integrity: sha512-nzbHQo69+au9wJkGKTU9lP7PXv0d1J5ljFpvb+LnEomLtSbJkbZyEs6sbF3plQmiOB2l9OBtN2tNSvCH1nQ9Jg==}
    engines: {node: '>= 10'}
    cpu: [arm64]
    os: [darwin]

  '@next/swc-darwin-x64@15.5.3':
    resolution: {integrity: sha512-w83w4SkOOhekJOcA5HBvHyGzgV1W/XvOfpkrxIse4uPWhYTTRwtGEM4v/jiXwNSJvfRvah0H8/uTLBKRXlef8g==}
    engines: {node: '>= 10'}
    cpu: [x64]
    os: [darwin]

  '@next/swc-linux-arm64-gnu@15.5.3':
    resolution: {integrity: sha512-+m7pfIs0/yvgVu26ieaKrifV8C8yiLe7jVp9SpcIzg7XmyyNE7toC1fy5IOQozmr6kWl/JONC51osih2RyoXRw==}
    engines: {node: '>= 10'}
    cpu: [arm64]
    os: [linux]
    libc: [glibc]

  '@next/swc-linux-arm64-musl@15.5.3':
    resolution: {integrity: sha512-u3PEIzuguSenoZviZJahNLgCexGFhso5mxWCrrIMdvpZn6lkME5vc/ADZG8UUk5K1uWRy4hqSFECrON6UKQBbQ==}
    engines: {node: '>= 10'}
    cpu: [arm64]
    os: [linux]
    libc: [musl]

  '@next/swc-linux-x64-gnu@15.5.3':
    resolution: {integrity: sha512-lDtOOScYDZxI2BENN9m0pfVPJDSuUkAD1YXSvlJF0DKwZt0WlA7T7o3wrcEr4Q+iHYGzEaVuZcsIbCps4K27sA==}
    engines: {node: '>= 10'}
    cpu: [x64]
    os: [linux]
    libc: [glibc]

  '@next/swc-linux-x64-musl@15.5.3':
    resolution: {integrity: sha512-9vWVUnsx9PrY2NwdVRJ4dUURAQ8Su0sLRPqcCCxtX5zIQUBES12eRVHq6b70bbfaVaxIDGJN2afHui0eDm+cLg==}
    engines: {node: '>= 10'}
    cpu: [x64]
    os: [linux]
    libc: [musl]

  '@next/swc-win32-arm64-msvc@15.5.3':
    resolution: {integrity: sha512-1CU20FZzY9LFQigRi6jM45oJMU3KziA5/sSG+dXeVaTm661snQP6xu3ykGxxwU5sLG3sh14teO/IOEPVsQMRfA==}
    engines: {node: '>= 10'}
    cpu: [arm64]
    os: [win32]

  '@next/swc-win32-x64-msvc@15.5.3':
    resolution: {integrity: sha512-JMoLAq3n3y5tKXPQwCK5c+6tmwkuFDa2XAxz8Wm4+IVthdBZdZGh+lmiLUHg9f9IDwIQpUjp+ysd6OkYTyZRZw==}
    engines: {node: '>= 10'}
    cpu: [x64]
    os: [win32]

  '@plasmicapp/data-sources-context@0.1.23':
    resolution: {integrity: sha512-F006Wr7s/RD4uCORY9EXYDYKgNUDxhY9qpUgT7a0Nyp9s6rw5qEZbcuMrM8Miy90DK3H5AfSuWaOl1+/pjxKZA==}
    engines: {node: '>=10'}
    peerDependencies:
      react: '>=16.8.0'

  '@plasmicapp/host@1.0.238':
    resolution: {integrity: sha512-lYcz+zprNwWzFDxoXz+BhXap/m09sR+Nhi9GSBhE1hURuaSy7BTHmuRcbZLmMOkY9DsK2dRTa3BJpUgogvl4Lw==}
    peerDependencies:
      react: '>=16.8.0'
      react-dom: '>=16.8.0'

  '@plasmicapp/isomorphic-unfetch@1.0.3':
    resolution: {integrity: sha512-cJtPOCf2/FWlFB42Q/n0MK/C47NSZr+YQJbCvQwvyjOrOgOQ4gJ/+gkr4avpMa7UPMa8qLovDAuaR+5k+hMlZQ==}

  '@plasmicapp/loader-core@1.0.142':
    resolution: {integrity: sha512-JcovHvjfDhK5Y6a4Zb3elxvcsuC0HG8fV6r5120wJ2tojqZ/qe5oSKCGo1FCuNugseHWtVX5h/nO7QhjEfxnJA==}
    engines: {node: '>=10'}

  '@plasmicapp/loader-edge@1.0.74':
    resolution: {integrity: sha512-U1Z9DXmdu36jKMWdnz8EIku+U5kbHAm4tP/Me1o7+9VVohqGrSfvNv/oUXvJHRXwfvUzNijCdBanZnAWxQjcUg==}
    engines: {node: '>=10'}

  '@plasmicapp/loader-fetcher@1.0.59':
    resolution: {integrity: sha512-4OPbgHCaUgWFqaD351EiLToSE/qFcRdDY5zNstlZ5Mqm9kB1vkOw3/ygVUprKDqaxgrhQSXauWsa1HDPt9fSvA==}
    engines: {node: '>=10'}

  '@plasmicapp/loader-nextjs@1.0.455':
    resolution: {integrity: sha512-UdZqT/+QtE4vO5T+PZjQynQElyJCU4xc1zHa/gakBJBACj6Xrh4vGlMFyBnkH8iU5t4PMDPug2zvMK1jTIPd6A==}
    engines: {node: '>=10'}
    peerDependencies:
      next: '>=10.1.0'
      react: '>=16.8.0'
      react-dom: '>=16.8.0'

  '@plasmicapp/loader-react@1.0.414':
    resolution: {integrity: sha512-l8nLadQtxNqCG7af2CU7z2aLdDRW3UWJwUQW3dYdK24qdqX1tQ+wIHLwKXSIlbKV8n2Oo+J//jQawPQNFt6ReA==}
    engines: {node: '>=12'}
    peerDependencies:
      react: '>=16.8.0'
      react-dom: '>=16.8.0'

  '@plasmicapp/loader-splits@1.0.68':
    resolution: {integrity: sha512-dfmHWQeAStJOF3pJR4ezga98AZBbAoUCX/lK7yQN4c4p3ngN6Qq4uVKoAbrXViQ5+SopVFcQ3G4KPX5xj9Z/HA==}
    engines: {node: '>=10'}

  '@plasmicapp/nextjs-app-router@1.0.21':
    resolution: {integrity: sha512-Veim+3MeOHoEp08/RXDeXD0i57hRIqPpsvva7kZp+Gw7soN6KnqCBBnuts+BgO9JHsi3mCsc6Z8Jh/2eEDEvbQ==}
    engines: {node: '>=16'}
    hasBin: true
    peerDependencies:
      react: '>=16.8.0'
      react-dom: '>=16.8.0'

  '@plasmicapp/prepass@1.0.23':
    resolution: {integrity: sha512-4T+dDPdmV7MzTXN9OZ49M7MxTp6hfI+U+R8S2xj4SMP7wYBk4F49I15mzT7Uuma/uo6bGzIipb58DXckNMzJwA==}
    engines: {node: '>=12'}
    peerDependencies:
      react: '>=16.8.0'
      react-dom: '>=16.8.0'

  '@plasmicapp/query@0.1.83':
    resolution: {integrity: sha512-4DnrldAB4QJky/IrdeWIFfgmNZMWhIx9VTU8ijwHPHpfLM5dJERH2NxuvfdZIwVa0nfg7b8gxgindA1AeIPJVA==}
    engines: {node: '>=10'}
    peerDependencies:
      react: '>=16.8.0'

  '@plasmicapp/react-ssr-prepass@2.0.9':
    resolution: {integrity: sha512-HO932uH/Y4otaDmjwzJbCLlokxNAdtU9VhDVUZUuVbzh0DhWaNyn/MINCu1oeZ4a6MIjdXFIm/U2VaxNxHYdsw==}
    peerDependencies:
      react: ^16.8.0 || ^17.0.0 || ^18.0.0

  '@plasmicapp/watcher@1.0.84':
    resolution: {integrity: sha512-bPkCkp2q6kEqAAxh/sk/pL2iX40v46lK1QZKzgb9BQZL7idafz+nmYj8bobz0BaRQdFHb8f72Uie+CnwOB1rNw==}
    engines: {node: '>=10'}

  '@socket.io/component-emitter@3.1.2':
    resolution: {integrity: sha512-9BCxFwvbGg/RsZK9tjXd8s4UcwR0MWeFQ1XEKIQVVvAGJyINdrqKMcTRyLoK8Rse1GjzLV9cwjWV1olXRWEXVA==}

  '@swc/helpers@0.5.15':
    resolution: {integrity: sha512-JQ5TuMi45Owi4/BIMAJBoSQoOJu12oOk/gADqlcUL9JEdHB8vyjUSsxqeNXnmXHjYKMi2WcYtezGEEhqUI/E2g==}

  '@types/node@18.19.130':
    resolution: {integrity: sha512-GRaXQx6jGfL8sKfaIDD6OupbIHBr9jv7Jnaml9tB7l4v068PAOXqfcujMMo5PhbIs6ggR1XODELqahT2R8v0fg==}

  '@types/prop-types@15.7.15':
    resolution: {integrity: sha512-F6bEyamV9jKGAFBEmlQnesRPGOQqS2+Uwi0Em15xenOxHaf2hv6L8YCVn3rPdPJOiJfPiCnLIRyvwVaqMY3MIw==}

  '@types/react-dom@18.3.7':
    resolution: {integrity: sha512-MEe3UeoENYVFXzoXEWsvcpg6ZvlrFNlOQ7EOsvhI3CfAXwzPfO8Qwuxd40nepsYKqyyVQnTdEfv68q91yLcKrQ==}
    peerDependencies:
      '@types/react': ^18.0.0

  '@types/react@18.3.27':
    resolution: {integrity: sha512-cisd7gxkzjBKU2GgdYrTdtQx1SORymWyaAFhaxQPK9bYO9ot3Y5OikQRvY0VYQtvwjeQnizCINJAenh/V7MK2w==}

  ansi-regex@5.0.1:
    resolution: {integrity: sha512-quJQXlTSUGL2LH9SUXo8VwsY4soanhgo6LNSm84E1LBcE8s3O0wpdiRzyR9z/ZZJMlMWv37qOOb9pdJlMUEKFQ==}
    engines: {node: '>=8'}

  ansi-styles@4.3.0:
    resolution: {integrity: sha512-zbB9rCJAT1rbjiVDb2hqKFHNYLxgtk8NURxZ3IZwD3F6NtxbXZQCnnSi1Lkx+IDohdPlFp222wVALIheZJQSEg==}
    engines: {node: '>=8'}

  boolbase@1.0.0:
    resolution: {integrity: sha512-JZOSA7Mo9sNGB8+UjSgzdLtokWAky1zbztM3WRLCbZ70/3cTANmQmOdR7y2g+J0e2WXywy1yS468tY+IruqEww==}

  caniuse-lite@1.0.30001776:
    resolution: {integrity: sha512-sg01JDPzZ9jGshqKSckOQthXnYwOEP50jeVFhaSFbZcOy05TiuuaffDOfcwtCisJ9kNQuLBFibYywv2Bgm9osw==}

  client-only@0.0.1:
    resolution: {integrity: sha512-IV3Ou0jSMzZrd3pZ48nLkT9DA7Ag1pnPzaiQhpW7c3RbcqqzvzzVu+L8gfqMp/8IM2MQtSiqaCxrrcfu8I8rMA==}

  cliui@8.0.1:
    resolution: {integrity: sha512-BSeNnyus75C4//NQ9gQt1/csTXyo/8Sb+afLAkzAptFuMsod9HFokGNudZpi/oQV73hnVK+sR+5PVRMd+Dr7YQ==}
    engines: {node: '>=12'}

  color-convert@2.0.1:
    resolution: {integrity: sha512-RRECPsj7iu/xb5oKYcsFHSppFNnsj/52OVTRKb4zP5onXwVF3zVmmToNcOfGC+CRDpfK/U584fMg38ZHCaElKQ==}
    engines: {node: '>=7.0.0'}

  color-name@1.1.4:
    resolution: {integrity: sha512-dOy+3AuW3a2wNbZHIuMZpTcgjGuLU/uBL/ubcZF9OXbDo8ff4O8yVp5Bf0efS8uEoYo5q4Fx7dY9OgQGXgAsQA==}

  cross-port-killer@1.4.0:
    resolution: {integrity: sha512-ujqfftKsSeorFMVI6JP25xMBixHEaDWVK+NarRZAGnJjR5AhebRQU+g+k/Lj8OHwM6f+wrrs8u5kkCdI7RLtxQ==}
    hasBin: true

  cross-spawn@7.0.6:
    resolution: {integrity: sha512-uV2QOWP2nWzsy2aMp8aRibhi9dlzF5Hgh5SHaB9OiTGEyDTiJJyx0uy51QXdyWbtAHNua4XJzUKca3OzKUd3vA==}
    engines: {node: '>= 8'}

  css-select@5.2.2:
    resolution: {integrity: sha512-TizTzUddG/xYLA3NXodFM0fSbNizXjOKhqiQQwvhlspadZokn1KDy0NZFS0wuEubIYAV5/c1/lAr0TaaFXEXzw==}

  css-what@6.2.2:
    resolution: {integrity: sha512-u/O3vwbptzhMs3L1fQE82ZSLHQQfto5gyZzwteVIEyeaY5Fc7R4dapF/BvRoSYFeqfBk4m0V1Vafq5Pjv25wvA==}
    engines: {node: '>= 6'}

  csstype@3.2.3:
    resolution: {integrity: sha512-z1HGKcYy2xA8AGQfwrn0PAy+PB7X/GSj3UVJW9qKyn43xWa+gl5nXmU4qqLMRzWVLFC8KusUX8T/0kCiOYpAIQ==}

  debug@4.4.3:
    resolution: {integrity: sha512-RGwwWnwQvkVfavKVt22FGLw+xYSdzARwm0ru6DhTVA3umU5hZc28V3kO4stgYryrTlLpuvgI9GiijltAjNbcqA==}
    engines: {node: '>=6.0'}
    peerDependencies:
      supports-color: '*'
    peerDependenciesMeta:
      supports-color:
        optional: true

  detect-libc@2.1.2:
    resolution: {integrity: sha512-Btj2BOOO83o3WyH59e8MgXsxEQVcarkUOpEYrubB0urwnN10yQ364rsiByU11nZlqWYZm05i/of7io4mzihBtQ==}
    engines: {node: '>=8'}

  dom-serializer@2.0.0:
    resolution: {integrity: sha512-wIkAryiqt/nV5EQKqQpo3SToSOV9J0DnbJqwK7Wv/Trc92zIAYZ4FlMu+JPFW1DfGFt81ZTCGgDEabffXeLyJg==}

  domelementtype@2.3.0:
    resolution: {integrity: sha512-OLETBj6w0OsagBwdXnPdN0cnMfF9opN69co+7ZrbfPGrdpPVNBUj02spi6B1N7wChLQiPn4CSH/zJvXw56gmHw==}

  domhandler@5.0.3:
    resolution: {integrity: sha512-cgwlv/1iFQiFnU96XXgROh8xTeetsnJiDsTc7TYCLFd9+/WNkIqPTxiM/8pSd8VIrhXGTf1Ny1q1hquVqDJB5w==}
    engines: {node: '>= 4'}

  domutils@3.2.2:
    resolution: {integrity: sha512-6kZKyUajlDuqlHKVX1w7gyslj9MPIXzIFiz/rGu35uC1wMi+kMhQwGhl4lt9unC9Vb9INnY9Z3/ZA3+FhASLaw==}

  emoji-regex@8.0.0:
    resolution: {integrity: sha512-MSjYzcWNOA0ewAHpz0MxpYFvwg6yjy1NG3xteoqz644VCo/RPgnr1/GGt+ic3iJTzQ8Eu3TdM14SawnVUmGE6A==}

  engine.io-client@6.6.4:
    resolution: {integrity: sha512-+kjUJnZGwzewFDw951CDWcwj35vMNf2fcj7xQWOctq1F2i1jkDdVvdFG9kM/BEChymCH36KgjnW0NsL58JYRxw==}

  engine.io-parser@5.2.3:
    resolution: {integrity: sha512-HqD3yTBfnBxIrbnM1DoD6Pcq8NECnh8d4As1Qgh0z5Gg3jRRIqijury0CL3ghu/edArpUYiYqQiDUQBIs4np3Q==}
    engines: {node: '>=10.0.0'}

  entities@4.5.0:
    resolution: {integrity: sha512-V0hjH4dGPh9Ao5p0MoRY6BVqtwCjhz6vI5LT8AJ55H+4g9/4vbHx1I54fS0XuclLhDHArPQCiMjDxjaL8fPxhw==}
    engines: {node: '>=0.12'}

  escalade@3.2.0:
    resolution: {integrity: sha512-WUj2qlxaQtO4g6Pq5c29GTcWGDyd8itL8zTlipgECz3JesAiiOKotd8JU6otB3PACgG6xkJUyVhboMS+bje/jA==}
    engines: {node: '>=6'}

  get-caller-file@2.0.5:
    resolution: {integrity: sha512-DyFP3BM/3YHTQOCUL/w0OZHR0lpKeGrxotcHWcqNEdnltqFwXVfhEBQ94eIo34AfQpo0rGki4cyIiftY06h2Fg==}
    engines: {node: 6.* || 8.* || >= 10.*}

  get-port@7.1.0:
    resolution: {integrity: sha512-QB9NKEeDg3xxVwCCwJQ9+xycaz6pBB6iQ76wiWMl1927n0Kir6alPiP+yuiICLLU4jpMe08dXfpebuQppFA2zw==}
    engines: {node: '>=16'}

  he@1.2.0:
    resolution: {integrity: sha512-F/1DnUGPopORZi0ni+CvrCgHQ5FyEAHRLSApuYWMmrbSwoN2Mn/7k+Gl38gJnR7yyDZk6WLXwiGod1JOWNDKGw==}
    hasBin: true

  is-fullwidth-code-point@3.0.0:
    resolution: {integrity: sha512-zymm5+u+sCsSWyD9qNaejV3DFvhCKclKdizYaJUuHA83RLjb7nSuGnddCHGv0hk+KY7BMAlsWeK4Ueg6EV6XQg==}
    engines: {node: '>=8'}

  isexe@2.0.0:
    resolution: {integrity: sha512-RHxMLp9lnKHGHRng9QFhRCMbYAcVpn69smSGcq3f36xjgVVWThj4qqLbTLlq7Ssj8B+fIQ1EuCEGI2lKsyQeIw==}

  js-tokens@4.0.0:
    resolution: {integrity: sha512-RdJUflcE3cUzKiMqQgsCu06FPu9UdIJO0beYbPhHN4k6apgJtifcoCtT9bcxOpYBtpD2kCM6Sbzg4CausW/PKQ==}

  json-logic-js@2.0.5:
    resolution: {integrity: sha512-rTT2+lqcuUmj4DgWfmzupZqQDA64AdmYqizzMPWj3DxGdfFNsxPpcNVSaTj4l8W2tG/+hg7/mQhxjU3aPacO6g==}

  loose-envify@1.4.0:
    resolution: {integrity: sha512-lyuxPGr/Wfhrlem2CL/UcnUc1zcqKAImBDzukY7Y5F/yQiNdko6+fRLevlw1HgMySw7f611UIY408EtxRSoK3Q==}
    hasBin: true

  ms@2.1.3:
    resolution: {integrity: sha512-6FlzubTLZG3J2a/NVCAleEhjzq5oxgHyaCU9yYXvcLsvoVaHJq/s5xXI6/XXP6tz7R9xAOtHnSO/tXtF3WRTlA==}

  nanoid@3.3.11:
    resolution: {integrity: sha512-N8SpfPUnUp1bK+PMYW8qSWdl9U+wwNWI4QKxOYDy9JAro3WMX7p2OeVRF9v+347pnakNevPmiHhNmZ2HbFA76w==}
    engines: {node: ^10 || ^12 || ^13.7 || ^14 || >=15.0.1}
    hasBin: true

  next@15.5.3:
    resolution: {integrity: sha512-r/liNAx16SQj4D+XH/oI1dlpv9tdKJ6cONYPwwcCC46f2NjpaRWY+EKCzULfgQYV6YKXjHBchff2IZBSlZmJNw==}
    engines: {node: ^18.18.0 || ^19.8.0 || >= 20.0.0}
    deprecated: This version has a security vulnerability. Please upgrade to a patched version. See https://nextjs.org/blog/CVE-2025-66478 for more details.
    hasBin: true
    peerDependencies:
      '@opentelemetry/api': ^1.1.0
      '@playwright/test': ^1.51.1
      babel-plugin-react-compiler: '*'
      react: ^18.2.0 || 19.0.0-rc-de68d2f4-20241204 || ^19.0.0
      react-dom: ^18.2.0 || 19.0.0-rc-de68d2f4-20241204 || ^19.0.0
      sass: ^1.3.0
    peerDependenciesMeta:
      '@opentelemetry/api':
        optional: true
      '@playwright/test':
        optional: true
      babel-plugin-react-compiler:
        optional: true
      sass:
        optional: true

  node-html-parser@6.1.13:
    resolution: {integrity: sha512-qIsTMOY4C/dAa5Q5vsobRpOOvPfC4pB61UVW2uSwZNUp0QU/jCekTal1vMmbO0DgdHeLUJpv/ARmDqErVxA3Sg==}

  nth-check@2.1.1:
    resolution: {integrity: sha512-lqjrjmaOoAnWfMmBPL+XNnynZh2+swxiX3WUE0s4yEHI6m+AwrK2UZOimIRl3X/4QctVqS8AiZjFqyOGrMXb/w==}

  pascalcase@1.0.0:
    resolution: {integrity: sha512-BSExi0rRnCHReJys6NocaK+cfTXNinAegfWBvr0JD3hiaEG7Nuc7r0CIdOJunXrs8gU/sbHQ9dxVAtiVQisjmg==}
    engines: {node: '>=8'}

  path-key@3.1.1:
    resolution: {integrity: sha512-ojmeN0qd+y0jszEtoY48r0Peq5dwMEkIlCOu6Q5f41lfkswXuKtYrhgoTpLnyIcHm24Uhqx+5Tqm2InSwLhE6Q==}
    engines: {node: '>=8'}

  picocolors@1.1.1:
    resolution: {integrity: sha512-xceH2snhtb5M9liqDsmEw56le376mTZkEX/jEb/RxNFyegNul7eNslCXP9FDj/Lcu0X8KEyMceP2ntpaHrDEVA==}

  postcss@8.4.31:
    resolution: {integrity: sha512-PS08Iboia9mts/2ygV3eLpY5ghnUcfLV/EXTOW1E2qYxJKGGBUtNjN76FYHnMs36RmARn41bC0AZmn+rR0OVpQ==}
    engines: {node: ^10 || ^12 || >=14}

  react-dom@18.3.1:
    resolution: {integrity: sha512-5m4nQKp+rZRb09LNH59GM4BxTh9251/ylbKIbpe7TpGxfJ+9kv6BLkLBXIjjspbgbnIBNqlI23tRnTWT0snUIw==}
    peerDependencies:
      react: ^18.3.1

  react@18.3.1:
    resolution: {integrity: sha512-wS+hAgJShR0KhEvPJArfuPVN1+Hz1t0Y6n5jLrGQbkb4urgPE/0Rve+1kMB1v/oWgHgm4WIcV+i7F2pTVj+2iQ==}
    engines: {node: '>=0.10.0'}

  require-directory@2.1.1:
    resolution: {integrity: sha512-fGxEI7+wsG9xrvdjsrlmL22OMTTiHRwAMroiEeMgq8gzoLC/PQr7RsRDSTLUg/bZAZtF+TVIkHc6/4RIKrui+Q==}
    engines: {node: '>=0.10.0'}

  scheduler@0.23.2:
    resolution: {integrity: sha512-UOShsPwz7NrMUqhR6t0hWjFduvOzbtv7toDH1/hIrfRNIDBnnBWd0CwJTGvTpngVlmwGCdP9/Zl/tVrDqcuYzQ==}

  semver@7.7.4:
    resolution: {integrity: sha512-vFKC2IEtQnVhpT78h1Yp8wzwrf8CM+MzKMHGJZfBtzhZNycRFnXsHk6E5TxIkkMsgNS7mdX3AGB7x2QM2di4lA==}
    engines: {node: '>=10'}
    hasBin: true

  server-only@0.0.1:
    resolution: {integrity: sha512-qepMx2JxAa5jjfzxG79yPPq+8BuFToHd1hm7kI+Z4zAq1ftQiP7HcxMhDDItrbtwVeLg/cY2JnKnrcFkmiswNA==}

  sharp@0.34.5:
    resolution: {integrity: sha512-Ou9I5Ft9WNcCbXrU9cMgPBcCK8LiwLqcbywW3t4oDV37n1pzpuNLsYiAV8eODnjbtQlSDwZ2cUEeQz4E54Hltg==}
    engines: {node: ^18.17.0 || ^20.3.0 || >=21.0.0}

  shebang-command@2.0.0:
    resolution: {integrity: sha512-kHxr2zZpYtdmrN1qDjrrX/Z1rR1kG8Dx+gkpK1G4eXmvXswmcE1hTWBWYUzlraYw1/yZp6YuDY77YtvbN0dmDA==}
    engines: {node: '>=8'}

  shebang-regex@3.0.0:
    resolution: {integrity: sha512-7++dFhtcx3353uBaq8DDR4NuxBetBzC7ZQOhmTQInHEd6bSrXdiEyzCvG07Z44UYdLShWUyXt5M/yhz8ekcb1A==}
    engines: {node: '>=8'}

  socket.io-client@4.8.3:
    resolution: {integrity: sha512-uP0bpjWrjQmUt5DTHq9RuoCBdFJF10cdX9X+a368j/Ft0wmaVgxlrjvK3kjvgCODOMMOz9lcaRzxmso0bTWZ/g==}
    engines: {node: '>=10.0.0'}

  socket.io-parser@4.2.5:
    resolution: {integrity: sha512-bPMmpy/5WWKHea5Y/jYAP6k74A+hvmRCQaJuJB6I/ML5JZq/KfNieUVo/3Mh7SAqn7TyFdIo6wqYHInG1MU1bQ==}
    engines: {node: '>=10.0.0'}

  source-map-js@1.2.1:
    resolution: {integrity: sha512-UXWMKhLOwVKb728IUtQPXxfYU+usdybtUrK/8uGE8CQMvrhOpwvzDBwj0QhSL7MQc7vIsISBG8VQ8+IDQxpfQA==}
    engines: {node: '>=0.10.0'}

  string-width@4.2.3:
    resolution: {integrity: sha512-wKyQRQpjJ0sIp62ErSZdGsjMJWsap5oRNihHhu6G7JVO/9jIB6UyevL+tXuOqrng8j/cxKTWyWUwvSTriiZz/g==}
    engines: {node: '>=8'}

  strip-ansi@6.0.1:
    resolution: {integrity: sha512-Y38VPSHcqkFrCpFnQ9vuSXmquuv5oXOKpGeT6aGrr3o3Gc9AlVa6JBfUSOCnbxGGZF+/0ooI7KrPuUSztUdU5A==}
    engines: {node: '>=8'}

  styled-jsx@5.1.6:
    resolution: {integrity: sha512-qSVyDTeMotdvQYoHWLNGwRFJHC+i+ZvdBRYosOFgC+Wg1vx4frN2/RG/NA7SYqqvKNLf39P2LSRA2pu6n0XYZA==}
    engines: {node: '>= 12.0.0'}
    peerDependencies:
      '@babel/core': '*'
      babel-plugin-macros: '*'
      react: '>= 16.8.0 || 17.x.x || ^18.0.0-0 || ^19.0.0-0'
    peerDependenciesMeta:
      '@babel/core':
        optional: true
      babel-plugin-macros:
        optional: true

  swr@1.3.0:
    resolution: {integrity: sha512-dkghQrOl2ORX9HYrMDtPa7LTVHJjCTeZoB1dqTbnnEDlSvN8JEKpYIYurDfvbQFUUS8Cg8PceFVZNkW0KNNYPw==}
    peerDependencies:
      react: ^16.11.0 || ^17.0.0 || ^18.0.0

  tslib@2.8.1:
    resolution: {integrity: sha512-oJFu94HQb+KVduSUQL7wnpmqnfmLsOA/nAh6b6EH0wCEoK0/mPeXU6c3wKDV83MkOuHPRHtSXKKU99IBazS/2w==}

  typescript@6.0.3:
    resolution: {integrity: sha512-y2TvuxSZPDyQakkFRPZHKFm+KKVqIisdg9/CZwm9ftvKXLP8NRWj38/ODjNbr43SsoXqNuAisEf1GdCxqWcdBw==}
    engines: {node: '>=14.17'}
    hasBin: true

  undici-types@5.26.5:
    resolution: {integrity: sha512-JlCMO+ehdEIKqlFxk6IfVoAUVmgz7cU7zD/h9XZ0qzeosSHmUJVOzSQvvYSYWXkFXC+IfLKSIffhv0sVZup6pA==}

  unfetch@4.2.0:
    resolution: {integrity: sha512-F9p7yYCn6cIW9El1zi0HI6vqpeIvBsr3dSuRO6Xuppb1u5rXpCPmMvLSyECLhybr9isec8Ohl0hPekMVrEinDA==}

  which@2.0.2:
    resolution: {integrity: sha512-BLI3Tl1TW3Pvl70l3yq3Y64i+awpwXqsGBYWkkqMtnbXgrMD+yj7rhW0kuEDxzJaYXGjEW5ogapKNMEKNMjibA==}
    engines: {node: '>= 8'}
    hasBin: true

  window-or-global@1.0.1:
    resolution: {integrity: sha512-tE12J/NenOv4xdVobD+AD3fT06T4KNqnzRhkv5nBIu7K+pvOH2oLCEgYP+i+5mF2jtI6FEADheOdZkA8YWET9w==}

  wrap-ansi@7.0.0:
    resolution: {integrity: sha512-YVGIj2kamLSTxw6NsZjoBxfSwsn0ycdesmc4p+Q21c5zPuZ1pl+NfxVdxPtdHvmNVOQ6XSYG4AUtyt/Fi7D16Q==}
    engines: {node: '>=10'}

  ws@8.18.3:
    resolution: {integrity: sha512-PEIGCY5tSlUt50cqyMXfCzX+oOPqN0vuGqWzbcJ2xvnkzkq46oOpz7dQaTDBdfICb4N14+GARUDw2XV2N4tvzg==}
    engines: {node: '>=10.0.0'}
    peerDependencies:
      bufferutil: ^4.0.1
      utf-8-validate: '>=5.0.2'
    peerDependenciesMeta:
      bufferutil:
        optional: true
      utf-8-validate:
        optional: true

  xmlhttprequest-ssl@2.1.2:
    resolution: {integrity: sha512-TEU+nJVUUnA4CYJFLvK5X9AOeH4KvDvhIfm0vV1GaQRtchnG0hgK5p8hw/xjv8cunWYCsiPCSDzObPyhEwq3KQ==}
    engines: {node: '>=0.4.0'}

  y18n@5.0.8:
    resolution: {integrity: sha512-0pfFzegeDWJHJIAmTLRP2DwHjdF5s7jo9tuztdQxAhINCdvS+3nGINqPd00AphqJR/0LhANUS6/+7SCb98YOfA==}
    engines: {node: '>=10'}

  yargs-parser@21.1.1:
    resolution: {integrity: sha512-tVpsJW7DdjecAiFpbIB1e3qxIQsE6NoPc5/eTdrbbIC4h0LVsWhnoa3g+m2HclBIujHzsxZ4VJVA+GUuc2/LBw==}
    engines: {node: '>=12'}

  yargs@17.7.2:
    resolution: {integrity: sha512-7dSzzRQ++CKnNI/krKnYRV7JKKPUXMEh61soaHKg9mrWEhzFWhFnxPxGl+69cD1Ou63C13NUPCnmIcrvqCuM6w==}
    engines: {node: '>=12'}

snapshots:

  '@emnapi/runtime@1.8.1':
    dependencies:
      tslib: 2.8.1
    optional: true

  '@img/colour@1.1.0':
    optional: true

  '@img/sharp-darwin-arm64@0.34.5':
    optionalDependencies:
      '@img/sharp-libvips-darwin-arm64': 1.2.4
    optional: true

  '@img/sharp-darwin-x64@0.34.5':
    optionalDependencies:
      '@img/sharp-libvips-darwin-x64': 1.2.4
    optional: true

  '@img/sharp-libvips-darwin-arm64@1.2.4':
    optional: true

  '@img/sharp-libvips-darwin-x64@1.2.4':
    optional: true

  '@img/sharp-libvips-linux-arm64@1.2.4':
    optional: true

  '@img/sharp-libvips-linux-arm@1.2.4':
    optional: true

  '@img/sharp-libvips-linux-ppc64@1.2.4':
    optional: true

  '@img/sharp-libvips-linux-riscv64@1.2.4':
    optional: true

  '@img/sharp-libvips-linux-s390x@1.2.4':
    optional: true

  '@img/sharp-libvips-linux-x64@1.2.4':
    optional: true

  '@img/sharp-libvips-linuxmusl-arm64@1.2.4':
    optional: true

  '@img/sharp-libvips-linuxmusl-x64@1.2.4':
    optional: true

  '@img/sharp-linux-arm64@0.34.5':
    optionalDependencies:
      '@img/sharp-libvips-linux-arm64': 1.2.4
    optional: true

  '@img/sharp-linux-arm@0.34.5':
    optionalDependencies:
      '@img/sharp-libvips-linux-arm': 1.2.4
    optional: true

  '@img/sharp-linux-ppc64@0.34.5':
    optionalDependencies:
      '@img/sharp-libvips-linux-ppc64': 1.2.4
    optional: true

  '@img/sharp-linux-riscv64@0.34.5':
    optionalDependencies:
      '@img/sharp-libvips-linux-riscv64': 1.2.4
    optional: true

  '@img/sharp-linux-s390x@0.34.5':
    optionalDependencies:
      '@img/sharp-libvips-linux-s390x': 1.2.4
    optional: true

  '@img/sharp-linux-x64@0.34.5':
    optionalDependencies:
      '@img/sharp-libvips-linux-x64': 1.2.4
    optional: true

  '@img/sharp-linuxmusl-arm64@0.34.5':
    optionalDependencies:
      '@img/sharp-libvips-linuxmusl-arm64': 1.2.4
    optional: true

  '@img/sharp-linuxmusl-x64@0.34.5':
    optionalDependencies:
      '@img/sharp-libvips-linuxmusl-x64': 1.2.4
    optional: true

  '@img/sharp-wasm32@0.34.5':
    dependencies:
      '@emnapi/runtime': 1.8.1
    optional: true

  '@img/sharp-win32-arm64@0.34.5':
    optional: true

  '@img/sharp-win32-ia32@0.34.5':
    optional: true

  '@img/sharp-win32-x64@0.34.5':
    optional: true

  '@next/env@15.5.3': {}

  '@next/swc-darwin-arm64@15.5.3':
    optional: true

  '@next/swc-darwin-x64@15.5.3':
    optional: true

  '@next/swc-linux-arm64-gnu@15.5.3':
    optional: true

  '@next/swc-linux-arm64-musl@15.5.3':
    optional: true

  '@next/swc-linux-x64-gnu@15.5.3':
    optional: true

  '@next/swc-linux-x64-musl@15.5.3':
    optional: true

  '@next/swc-win32-arm64-msvc@15.5.3':
    optional: true

  '@next/swc-win32-x64-msvc@15.5.3':
    optional: true

  '@plasmicapp/data-sources-context@0.1.23(react@18.3.1)':
    dependencies:
      react: 18.3.1

  '@plasmicapp/host@1.0.238(react-dom@18.3.1(react@18.3.1))(react@18.3.1)':
    dependencies:
      '@plasmicapp/query': 0.1.83(react@18.3.1)
      csstype: 3.2.3
      react: 18.3.1
      react-dom: 18.3.1(react@18.3.1)
      window-or-global: 1.0.1

  '@plasmicapp/isomorphic-unfetch@1.0.3':
    dependencies:
      unfetch: 4.2.0

  '@plasmicapp/loader-core@1.0.142':
    dependencies:
      '@plasmicapp/isomorphic-unfetch': 1.0.3
      '@plasmicapp/loader-fetcher': 1.0.59

  '@plasmicapp/loader-edge@1.0.74':
    dependencies:
      '@plasmicapp/loader-splits': 1.0.68

  '@plasmicapp/loader-fetcher@1.0.59':
    dependencies:
      '@plasmicapp/isomorphic-unfetch': 1.0.3

  '@plasmicapp/loader-nextjs@1.0.455(next@15.5.3(react-dom@18.3.1(react@18.3.1))(react@18.3.1))(react-dom@18.3.1(react@18.3.1))(react@18.3.1)':
    dependencies:
      '@plasmicapp/loader-core': 1.0.142
      '@plasmicapp/loader-edge': 1.0.74
      '@plasmicapp/loader-react': 1.0.414(react-dom@18.3.1(react@18.3.1))(react@18.3.1)
      '@plasmicapp/nextjs-app-router': 1.0.21(react-dom@18.3.1(react@18.3.1))(react@18.3.1)
      '@plasmicapp/watcher': 1.0.84
      next: 15.5.3(react-dom@18.3.1(react@18.3.1))(react@18.3.1)
      react: 18.3.1
      react-dom: 18.3.1(react@18.3.1)
      server-only: 0.0.1
    transitivePeerDependencies:
      - bufferutil
      - supports-color
      - utf-8-validate

  '@plasmicapp/loader-react@1.0.414(react-dom@18.3.1(react@18.3.1))(react@18.3.1)':
    dependencies:
      '@plasmicapp/data-sources-context': 0.1.23(react@18.3.1)
      '@plasmicapp/host': 1.0.238(react-dom@18.3.1(react@18.3.1))(react@18.3.1)
      '@plasmicapp/loader-core': 1.0.142
      '@plasmicapp/loader-fetcher': 1.0.59
      '@plasmicapp/loader-splits': 1.0.68
      '@plasmicapp/prepass': 1.0.23(react-dom@18.3.1(react@18.3.1))(react@18.3.1)
      '@plasmicapp/query': 0.1.83(react@18.3.1)
      pascalcase: 1.0.0
      react: 18.3.1
      react-dom: 18.3.1(react@18.3.1)
      server-only: 0.0.1

  '@plasmicapp/loader-splits@1.0.68':
    dependencies:
      json-logic-js: 2.0.5

  '@plasmicapp/nextjs-app-router@1.0.21(react-dom@18.3.1(react@18.3.1))(react@18.3.1)':
    dependencies:
      '@plasmicapp/prepass': 1.0.23(react-dom@18.3.1(react@18.3.1))(react@18.3.1)
      '@plasmicapp/query': 0.1.83(react@18.3.1)
      cross-port-killer: 1.4.0
      cross-spawn: 7.0.6
      get-port: 7.1.0
      node-html-parser: 6.1.13
      react: 18.3.1
      react-dom: 18.3.1(react@18.3.1)
      yargs: 17.7.2

  '@plasmicapp/prepass@1.0.23(react-dom@18.3.1(react@18.3.1))(react@18.3.1)':
    dependencies:
      '@plasmicapp/query': 0.1.83(react@18.3.1)
      '@plasmicapp/react-ssr-prepass': 2.0.9(react@18.3.1)
      react: 18.3.1
      react-dom: 18.3.1(react@18.3.1)

  '@plasmicapp/query@0.1.83(react@18.3.1)':
    dependencies:
      react: 18.3.1
      swr: 1.3.0(react@18.3.1)

  '@plasmicapp/react-ssr-prepass@2.0.9(react@18.3.1)':
    dependencies:
      react: 18.3.1

  '@plasmicapp/watcher@1.0.84':
    dependencies:
      socket.io-client: 4.8.3
    transitivePeerDependencies:
      - bufferutil
      - supports-color
      - utf-8-validate

  '@socket.io/component-emitter@3.1.2': {}

  '@swc/helpers@0.5.15':
    dependencies:
      tslib: 2.8.1

  '@types/node@18.19.130':
    dependencies:
      undici-types: 5.26.5

  '@types/prop-types@15.7.15': {}

  '@types/react-dom@18.3.7(@types/react@18.3.27)':
    dependencies:
      '@types/react': 18.3.27

  '@types/react@18.3.27':
    dependencies:
      '@types/prop-types': 15.7.15
      csstype: 3.2.3

  ansi-regex@5.0.1: {}

  ansi-styles@4.3.0:
    dependencies:
      color-convert: 2.0.1

  boolbase@1.0.0: {}

  caniuse-lite@1.0.30001776: {}

  client-only@0.0.1: {}

  cliui@8.0.1:
    dependencies:
      string-width: 4.2.3
      strip-ansi: 6.0.1
      wrap-ansi: 7.0.0

  color-convert@2.0.1:
    dependencies:
      color-name: 1.1.4

  color-name@1.1.4: {}

  cross-port-killer@1.4.0: {}

  cross-spawn@7.0.6:
    dependencies:
      path-key: 3.1.1
      shebang-command: 2.0.0
      which: 2.0.2

  css-select@5.2.2:
    dependencies:
      boolbase: 1.0.0
      css-what: 6.2.2
      domhandler: 5.0.3
      domutils: 3.2.2
      nth-check: 2.1.1

  css-what@6.2.2: {}

  csstype@3.2.3: {}

  debug@4.4.3:
    dependencies:
      ms: 2.1.3

  detect-libc@2.1.2:
    optional: true

  dom-serializer@2.0.0:
    dependencies:
      domelementtype: 2.3.0
      domhandler: 5.0.3
      entities: 4.5.0

  domelementtype@2.3.0: {}

  domhandler@5.0.3:
    dependencies:
      domelementtype: 2.3.0

  domutils@3.2.2:
    dependencies:
      dom-serializer: 2.0.0
      domelementtype: 2.3.0
      domhandler: 5.0.3

  emoji-regex@8.0.0: {}

  engine.io-client@6.6.4:
    dependencies:
      '@socket.io/component-emitter': 3.1.2
      debug: 4.4.3
      engine.io-parser: 5.2.3
      ws: 8.18.3
      xmlhttprequest-ssl: 2.1.2
    transitivePeerDependencies:
      - bufferutil
      - supports-color
      - utf-8-validate

  engine.io-parser@5.2.3: {}

  entities@4.5.0: {}

  escalade@3.2.0: {}

  get-caller-file@2.0.5: {}

  get-port@7.1.0: {}

  he@1.2.0: {}

  is-fullwidth-code-point@3.0.0: {}

  isexe@2.0.0: {}

  js-tokens@4.0.0: {}

  json-logic-js@2.0.5: {}

  loose-envify@1.4.0:
    dependencies:
      js-tokens: 4.0.0

  ms@2.1.3: {}

  nanoid@3.3.11: {}

  next@15.5.3(react-dom@18.3.1(react@18.3.1))(react@18.3.1):
    dependencies:
      '@next/env': 15.5.3
      '@swc/helpers': 0.5.15
      caniuse-lite: 1.0.30001776
      postcss: 8.4.31
      react: 18.3.1
      react-dom: 18.3.1(react@18.3.1)
      styled-jsx: 5.1.6(react@18.3.1)
    optionalDependencies:
      '@next/swc-darwin-arm64': 15.5.3
      '@next/swc-darwin-x64': 15.5.3
      '@next/swc-linux-arm64-gnu': 15.5.3
      '@next/swc-linux-arm64-musl': 15.5.3
      '@next/swc-linux-x64-gnu': 15.5.3
      '@next/swc-linux-x64-musl': 15.5.3
      '@next/swc-win32-arm64-msvc': 15.5.3
      '@next/swc-win32-x64-msvc': 15.5.3
      sharp: 0.34.5
    transitivePeerDependencies:
      - '@babel/core'
      - babel-plugin-macros

  node-html-parser@6.1.13:
    dependencies:
      css-select: 5.2.2
      he: 1.2.0

  nth-check@2.1.1:
    dependencies:
      boolbase: 1.0.0

  pascalcase@1.0.0: {}

  path-key@3.1.1: {}

  picocolors@1.1.1: {}

  postcss@8.4.31:
    dependencies:
      nanoid: 3.3.11
      picocolors: 1.1.1
      source-map-js: 1.2.1

  react-dom@18.3.1(react@18.3.1):
    dependencies:
      loose-envify: 1.4.0
      react: 18.3.1
      scheduler: 0.23.2

  react@18.3.1:
    dependencies:
      loose-envify: 1.4.0

  require-directory@2.1.1: {}

  scheduler@0.23.2:
    dependencies:
      loose-envify: 1.4.0

  semver@7.7.4:
    optional: true

  server-only@0.0.1: {}

  sharp@0.34.5:
    dependencies:
      '@img/colour': 1.1.0
      detect-libc: 2.1.2
      semver: 7.7.4
    optionalDependencies:
      '@img/sharp-darwin-arm64': 0.34.5
      '@img/sharp-darwin-x64': 0.34.5
      '@img/sharp-libvips-darwin-arm64': 1.2.4
      '@img/sharp-libvips-darwin-x64': 1.2.4
      '@img/sharp-libvips-linux-arm': 1.2.4
      '@img/sharp-libvips-linux-arm64': 1.2.4
      '@img/sharp-libvips-linux-ppc64': 1.2.4
      '@img/sharp-libvips-linux-riscv64': 1.2.4
      '@img/sharp-libvips-linux-s390x': 1.2.4
      '@img/sharp-libvips-linux-x64': 1.2.4
      '@img/sharp-libvips-linuxmusl-arm64': 1.2.4
      '@img/sharp-libvips-linuxmusl-x64': 1.2.4
      '@img/sharp-linux-arm': 0.34.5
      '@img/sharp-linux-arm64': 0.34.5
      '@img/sharp-linux-ppc64': 0.34.5
      '@img/sharp-linux-riscv64': 0.34.5
      '@img/sharp-linux-s390x': 0.34.5
      '@img/sharp-linux-x64': 0.34.5
      '@img/sharp-linuxmusl-arm64': 0.34.5
      '@img/sharp-linuxmusl-x64': 0.34.5
      '@img/sharp-wasm32': 0.34.5
      '@img/sharp-win32-arm64': 0.34.5
      '@img/sharp-win32-ia32': 0.34.5
      '@img/sharp-win32-x64': 0.34.5
    optional: true

  shebang-command@2.0.0:
    dependencies:
      shebang-regex: 3.0.0

  shebang-regex@3.0.0: {}

  socket.io-client@4.8.3:
    dependencies:
      '@socket.io/component-emitter': 3.1.2
      debug: 4.4.3
      engine.io-client: 6.6.4
      socket.io-parser: 4.2.5
    transitivePeerDependencies:
      - bufferutil
      - supports-color
      - utf-8-validate

  socket.io-parser@4.2.5:
    dependencies:
      '@socket.io/component-emitter': 3.1.2
      debug: 4.4.3
    transitivePeerDependencies:
      - supports-color

  source-map-js@1.2.1: {}

  string-width@4.2.3:
    dependencies:
      emoji-regex: 8.0.0
      is-fullwidth-code-point: 3.0.0
      strip-ansi: 6.0.1

  strip-ansi@6.0.1:
    dependencies:
      ansi-regex: 5.0.1

  styled-jsx@5.1.6(react@18.3.1):
    dependencies:
      client-only: 0.0.1
      react: 18.3.1

  swr@1.3.0(react@18.3.1):
    dependencies:
      react: 18.3.1

  tslib@2.8.1: {}

  typescript@6.0.3: {}

  undici-types@5.26.5: {}

  unfetch@4.2.0: {}

  which@2.0.2:
    dependencies:
      isexe: 2.0.0

  window-or-global@1.0.1: {}

  wrap-ansi@7.0.0:
    dependencies:
      ansi-styles: 4.3.0
      string-width: 4.2.3
      strip-ansi: 6.0.1

  ws@8.18.3: {}

  xmlhttprequest-ssl@2.1.2: {}

  y18n@5.0.8: {}

  yargs-parser@21.1.1: {}

  yargs@17.7.2:
    dependencies:
      cliui: 8.0.1
      escalade: 3.2.0
      get-caller-file: 2.0.5
      require-directory: 2.1.1
      string-width: 4.2.3
      y18n: 5.0.8
      yargs-parser: 21.1.1
