# THIS IS AN AUTOGENERATED FILE. DO NOT EDIT THIS FILE DIRECTLY.
# yarn lockfile v1


"@babel/runtime@^7.1.2":
  version "7.13.17"
  resolved "https://registry.yarnpkg.com/@babel/runtime/-/runtime-7.13.17.tgz#8966d1fc9593bf848602f0662d6b4d0069e3a7ec"
  integrity sha512-NCdgJEelPTSh+FEFylhnP1ylq848l1z9t9N0j1Lfbcw0+KXGjsTvUmkxy+voLLXB5SOKMbLLx4jxYliGrYQseA==
  dependencies:
    regenerator-runtime "^0.13.4"

"@babel/runtime@^7.6.2":
  version "7.13.10"
  resolved "https://registry.yarnpkg.com/@babel/runtime/-/runtime-7.13.10.tgz#47d42a57b6095f4468da440388fdbad8bebf0d7d"
  integrity sha512-4QPkjJq6Ns3V/RgpEahRk+AGfL0eO6RHHtTWoNNr5mO49G6B5+X6d6THgWEAvTrznU5xYpbAlVKRYcsCgh/Akw==
  dependencies:
    regenerator-runtime "^0.13.4"

"@internationalized/message@3.0.0-alpha.0":
  version "3.0.0-alpha.0"
  resolved "https://registry.yarnpkg.com/@internationalized/message/-/message-3.0.0-alpha.0.tgz#83015e2057d2b6b5034a3e23983b1e051f9d9e36"
  integrity sha512-NT2eiVq5f5z7Yi9Hmchb8GAGYjEpYbYcD4u/Oxo5XG9XFbrnz7zNvrJJlzuQ+2jPozabq6pFKurqaFmM49DYUg==
  dependencies:
    "@babel/runtime" "^7.6.2"
    intl-messageformat "^2.2.0"

"@internationalized/number@3.0.0-alpha.0":
  version "3.0.0-alpha.0"
  resolved "https://registry.yarnpkg.com/@internationalized/number/-/number-3.0.0-alpha.0.tgz#27190fbc1d73a24ac96dfafdfe7aa4e520090eed"
  integrity sha512-8aOD2I3HmEscIZO/cm1jkcrYMSmRPhoW9G1OsuQb4Ge/Y9HsJVGB9otTylUEXJUmoXi/eD8Mr1gx3+0FLCM4eA==
  dependencies:
    "@babel/runtime" "^7.6.2"

"@plasmicapp/react-web@^0.2.31":
  version "0.2.31"
  resolved "https://registry.yarnpkg.com/@plasmicapp/react-web/-/react-web-0.2.31.tgz#3e24ecf3ecd0f7e5065b62e1057fb6b809175dcb"
  integrity sha512-BRUuE3sUe6T/pilOq/38Bhj8RgvxhPKUh6F/gSlsrpOfjEnA/urHR7uiEZYHnL48NCRKRnXpbAHCE2FgMowG0A==
  dependencies:
    "@react-spectrum/utils" "^3.5.1"
    classnames "^2.2.6"
    react-aria "^3.5.0"
    react-stately "^3.4.0"

"@react-aria/breadcrumbs@^3.1.3":
  version "3.1.3"
  resolved "https://registry.yarnpkg.com/@react-aria/breadcrumbs/-/breadcrumbs-3.1.3.tgz#29619b62009bc4eff828e9661e06fbf26f4c7ccd"
  integrity sha512-iWW3Vf5fZMVTN+d5y7s97oFuWpI+B2agoeYzaMRqP6fkrs5CepmxEoPHYb7VtnIOX/oUXrsP/kcaZEmLMN7CJA==
  dependencies:
    "@babel/runtime" "^7.6.2"
    "@react-aria/i18n" "^3.1.2"
    "@react-aria/interactions" "^3.3.4"
    "@react-aria/link" "^3.1.2"
    "@react-aria/utils" "^3.7.0"
    "@react-types/breadcrumbs" "^3.2.0"
    "@react-types/shared" "^3.5.0"

"@react-aria/button@^3.3.1":
  version "3.3.1"
  resolved "https://registry.yarnpkg.com/@react-aria/button/-/button-3.3.1.tgz#f180ffa95e3e822b7da4937421cf8280dd17af17"
  integrity sha512-LXNuo0L79AhYqnxV+Y3J3xt7hPcmCVCEpZaC/dBzovR1MLunrdpk3QAXsRt3tqza1XvoqdvNhNHQm1Z1kyBTUg==
  dependencies:
    "@babel/runtime" "^7.6.2"
    "@react-aria/focus" "^3.2.2"
    "@react-aria/i18n" "^3.3.0"
    "@react-aria/interactions" "^3.3.3"
    "@react-aria/utils" "^3.6.0"
    "@react-stately/toggle" "^3.2.1"
    "@react-types/button" "^3.3.1"

"@react-aria/checkbox@^3.2.1":
  version "3.2.1"
  resolved "https://registry.yarnpkg.com/@react-aria/checkbox/-/checkbox-3.2.1.tgz#493d9d584b4db474645a4565c4f899ee3a579f07"
  integrity sha512-XnypnlVIfhB3CD7eSjSds8hNkzHgnhu0t48I1D0jYdL1O6tQC4UytPdIqlemRYBVHDloZkWerbjenpHnxhv8iA==
  dependencies:
    "@babel/runtime" "^7.6.2"
    "@react-aria/label" "^3.1.1"
    "@react-aria/toggle" "^3.1.1"
    "@react-aria/utils" "^3.3.0"
    "@react-stately/checkbox" "^3.0.1"
    "@react-stately/toggle" "^3.2.1"
    "@react-types/checkbox" "^3.2.1"

"@react-aria/dialog@^3.1.2":
  version "3.1.2"
  resolved "https://registry.yarnpkg.com/@react-aria/dialog/-/dialog-3.1.2.tgz#868970e7fdaa6ddb91a0d8d5b492778607d417fd"
  integrity sha512-CUHzLdcKxnQ1IpbJOJ3BIDe762QoTOFXZfDAheNiTi24ym85w7KkW7dnfJDK2+J5RY15c5KWooOZvTaBmIJ7Xw==
  dependencies:
    "@babel/runtime" "^7.6.2"
    "@react-aria/focus" "^3.2.2"
    "@react-aria/utils" "^3.3.0"
    "@react-stately/overlays" "^3.1.1"
    "@react-types/dialog" "^3.3.0"

"@react-aria/focus@^3.2.2", "@react-aria/focus@^3.2.3", "@react-aria/focus@^3.2.4":
  version "3.2.4"
  resolved "https://registry.yarnpkg.com/@react-aria/focus/-/focus-3.2.4.tgz#86c4fbde51a7cae414407b2d421fb5b311cd62f5"
  integrity sha512-qoJoUDSriI7RCRq3L7yDOPtFZfquyjLA9d2pOJzvMx1F6dEqfNCaycyIg9lHykHXXhShgrXwfpyGTXoSUQpmtw==
  dependencies:
    "@babel/runtime" "^7.6.2"
    "@react-aria/interactions" "^3.3.4"
    "@react-aria/utils" "^3.7.0"
    "@react-types/shared" "^3.5.0"
    clsx "^1.1.1"

"@react-aria/i18n@^3.1.2", "@react-aria/i18n@^3.3.0":
  version "3.3.0"
  resolved "https://registry.yarnpkg.com/@react-aria/i18n/-/i18n-3.3.0.tgz#7f92ae81f6536b19b17b89c0991ddb6c10f2512a"
  integrity sha512-8KYk0tQiEf9Kd9xdF4cKliP1169WSIryKFnZgnm9dvZl96TyfDK1xJpZQy58XjRdbS/H45CKydFmMcZEElu3BQ==
  dependencies:
    "@babel/runtime" "^7.6.2"
    "@internationalized/message" "3.0.0-alpha.0"
    "@internationalized/number" "3.0.0-alpha.0"
    "@react-aria/ssr" "^3.0.1"
    "@react-aria/utils" "^3.6.0"
    "@react-types/shared" "^3.4.0"

"@react-aria/interactions@^3.2.1", "@react-aria/interactions@^3.3.3", "@react-aria/interactions@^3.3.4":
  version "3.3.4"
  resolved "https://registry.yarnpkg.com/@react-aria/interactions/-/interactions-3.3.4.tgz#a5b3a87f886cf0f4e28cbd13fbe02c7efb4f1e2e"
  integrity sha512-WzT9aIRWvLZvZvuwNKKUkZzeomZgIrquAtwgRYGWbjSbrYPOT9B3w/GBEWZDYUG0c1K8NkIEAxTX0e+QI+tqAA==
  dependencies:
    "@babel/runtime" "^7.6.2"
    "@react-aria/utils" "^3.7.0"
    "@react-types/shared" "^3.5.0"

"@react-aria/label@^3.1.1":
  version "3.1.1"
  resolved "https://registry.yarnpkg.com/@react-aria/label/-/label-3.1.1.tgz#03dc5c4813cd1f51760ba48783c186c2eeda1189"
  integrity sha512-9kZKJonYSXeY6hZULZrsujAb6uXDGEy8qPq0tjTVoTA3+gx26LOmLCLgvHFtxUK1e4s99rHmaSPdOtq5qu3EVQ==
  dependencies:
    "@babel/runtime" "^7.6.2"
    "@react-aria/utils" "^3.3.0"
    "@react-types/label" "^3.2.1"
    "@react-types/shared" "^3.2.1"

"@react-aria/link@^3.1.2":
  version "3.1.2"
  resolved "https://registry.yarnpkg.com/@react-aria/link/-/link-3.1.2.tgz#0a39e44fb1a7bb30e2ef0c88e0f248462998c87a"
  integrity sha512-ONAyB+2irMSNnv2qZKw51AwYv1GzFXAn+N4nWxreI+TIzhAA6JBkMYT9I6JFqx51UwvGI+ys0YXAMJVIBeZRvA==
  dependencies:
    "@babel/runtime" "^7.6.2"
    "@react-aria/interactions" "^3.2.1"
    "@react-aria/utils" "^3.3.0"
    "@react-types/link" "^3.1.1"
    "@react-types/shared" "^3.2.1"

"@react-aria/listbox@^3.2.4":
  version "3.2.4"
  resolved "https://registry.yarnpkg.com/@react-aria/listbox/-/listbox-3.2.4.tgz#3162e47d64e1f6cd8fdfe45766cb88c3852a525d"
  integrity sha512-IYs4oS2wzWVcWEtKG57zZLZI507WlDy24wuzymwgFxxIRXDVaBsSMOs7+uE7N1P4fLOa1yAlv170AvKDDbIJ2g==
  dependencies:
    "@babel/runtime" "^7.6.2"
    "@react-aria/interactions" "^3.3.3"
    "@react-aria/label" "^3.1.1"
    "@react-aria/selection" "^3.3.2"
    "@react-aria/utils" "^3.6.0"
    "@react-stately/collections" "^3.3.0"
    "@react-stately/list" "^3.2.2"
    "@react-types/listbox" "^3.1.1"
    "@react-types/shared" "^3.4.0"

"@react-aria/menu@^3.2.0":
  version "3.2.0"
  resolved "https://registry.yarnpkg.com/@react-aria/menu/-/menu-3.2.0.tgz#cd9417105b3230f1c34ddddddb31a95f462393e2"
  integrity sha512-CFgC82ZO/LjJtMhDUJFdE3+PV0jS88LK9CCr6w11ggp+U3Q2fPXPdkAVeEB3cJn4KI0TRCBgE+4EneIzdTEgcw==
  dependencies:
    "@babel/runtime" "^7.6.2"
    "@react-aria/interactions" "^3.3.4"
    "@react-aria/overlays" "^3.6.2"
    "@react-aria/selection" "^3.4.0"
    "@react-aria/utils" "^3.7.0"
    "@react-stately/collections" "^3.3.1"
    "@react-stately/menu" "^3.2.1"
    "@react-stately/tree" "^3.1.3"
    "@react-types/button" "^3.3.1"
    "@react-types/menu" "^3.1.1"
    "@react-types/shared" "^3.5.0"

"@react-aria/meter@^3.1.1":
  version "3.1.1"
  resolved "https://registry.yarnpkg.com/@react-aria/meter/-/meter-3.1.1.tgz#2b3bff2cc2b8c3f552a5edbea444ce9d9f073079"
  integrity sha512-Soh+jDEA7onv/wbbdhxUvNqnNp1WgHY3eMDjOXkGpTVozc8wUwMxBCwdPTIXnxMyvFXbzqYNGZOxF/9gsO32yg==
  dependencies:
    "@babel/runtime" "^7.6.2"
    "@react-aria/progress" "^3.1.1"
    "@react-types/meter" "^3.1.1"
    "@react-types/shared" "^3.2.1"

"@react-aria/overlays@^3.6.1", "@react-aria/overlays@^3.6.2":
  version "3.6.2"
  resolved "https://registry.yarnpkg.com/@react-aria/overlays/-/overlays-3.6.2.tgz#0a9fcb7426d4321dc80ee636282228eb7be83a84"
  integrity sha512-6f9o1fypGcB/VcprvoDm5280glaiAp/9RZeNPP+HPXE5MxpQIzFDJCzTrSezAUYNkueh/KNMpUxOUUgytloScQ==
  dependencies:
    "@babel/runtime" "^7.6.2"
    "@react-aria/i18n" "^3.3.0"
    "@react-aria/interactions" "^3.3.4"
    "@react-aria/utils" "^3.7.0"
    "@react-aria/visually-hidden" "^3.2.1"
    "@react-stately/overlays" "^3.1.1"
    "@react-types/button" "^3.3.1"
    "@react-types/overlays" "^3.4.0"
    dom-helpers "^3.3.1"

"@react-aria/progress@^3.1.1":
  version "3.1.1"
  resolved "https://registry.yarnpkg.com/@react-aria/progress/-/progress-3.1.1.tgz#053b7c15a67ca4a4c9feb50f4a4f2f5c2345521f"
  integrity sha512-Y17ziWi5EoveF8QFQ+JyOvCjUCIYVNQUbr+TpuBossTQd3XEK/Dje0I/ZJ65q+tuBEtfnW2qoWpZzYCrQnGu9Q==
  dependencies:
    "@babel/runtime" "^7.6.2"
    "@react-aria/i18n" "^3.1.2"
    "@react-aria/label" "^3.1.1"
    "@react-aria/utils" "^3.3.0"
    "@react-types/progress" "^3.1.1"
    "@react-types/shared" "^3.2.1"

"@react-aria/radio@^3.1.3":
  version "3.1.3"
  resolved "https://registry.yarnpkg.com/@react-aria/radio/-/radio-3.1.3.tgz#65b156fc61a9e747dcacfbc8cf6043a3fc38a923"
  integrity sha512-Q4Z1Fld9InZPnAAKqH3HcLiH0MO6rCMBOXJif6bs1HUlagc3vzT3e235dWCxzmn3XCqAOooX/sLD8O3sA8ZvfA==
  dependencies:
    "@babel/runtime" "^7.6.2"
    "@react-aria/focus" "^3.2.2"
    "@react-aria/i18n" "^3.3.0"
    "@react-aria/interactions" "^3.3.3"
    "@react-aria/label" "^3.1.1"
    "@react-aria/utils" "^3.6.0"
    "@react-stately/radio" "^3.3.0"
    "@react-types/radio" "^3.1.1"

"@react-aria/searchfield@^3.1.2":
  version "3.1.2"
  resolved "https://registry.yarnpkg.com/@react-aria/searchfield/-/searchfield-3.1.2.tgz#e67fbf7477c3cff14d05a7dec22428b41253e0f0"
  integrity sha512-8R6sITQhzyt4+fJCWvTD1ydJkZxZy8PHZJfNxk9G+C+9g38V5QBEfA+K9aVnVOp5J7QrgNyY8bf9cwf+MTB5vA==
  dependencies:
    "@babel/runtime" "^7.6.2"
    "@react-aria/i18n" "^3.1.2"
    "@react-aria/interactions" "^3.3.4"
    "@react-aria/textfield" "^3.2.1"
    "@react-aria/utils" "^3.7.0"
    "@react-stately/searchfield" "^3.1.1"
    "@react-types/button" "^3.2.1"
    "@react-types/searchfield" "^3.1.1"
    "@react-types/shared" "^3.5.0"

"@react-aria/select@^3.3.1":
  version "3.3.1"
  resolved "https://registry.yarnpkg.com/@react-aria/select/-/select-3.3.1.tgz#cfa694ff4b2020846e08b58f6f0a489f0d2b24ff"
  integrity sha512-E/EZ4SKf8P5EMVznCmTjfa9y1cR6L+WIzXHTFAlwrmmIzNirHSipbFp6LpJzoByqd0p9IKxhBdxqFP92url0Qg==
  dependencies:
    "@babel/runtime" "^7.6.2"
    "@react-aria/i18n" "^3.3.0"
    "@react-aria/interactions" "^3.3.4"
    "@react-aria/label" "^3.1.1"
    "@react-aria/menu" "^3.2.0"
    "@react-aria/selection" "^3.4.0"
    "@react-aria/utils" "^3.7.0"
    "@react-aria/visually-hidden" "^3.2.1"
    "@react-stately/select" "^3.1.1"
    "@react-types/button" "^3.3.1"
    "@react-types/select" "^3.2.0"
    "@react-types/shared" "^3.5.0"

"@react-aria/selection@^3.3.2", "@react-aria/selection@^3.4.0":
  version "3.4.0"
  resolved "https://registry.yarnpkg.com/@react-aria/selection/-/selection-3.4.0.tgz#abd7aa5435f504e314a72122f2bcaef43b06fa78"
  integrity sha512-ddxiB9zhy8JEkG4+DElSMNrSKxRI3RQKyOwQf4i3omqXj8bMH1XJesFwbdGNmR/zrbzXvr35ln9y3S0WS+4ClA==
  dependencies:
    "@babel/runtime" "^7.6.2"
    "@react-aria/focus" "^3.2.4"
    "@react-aria/i18n" "^3.3.0"
    "@react-aria/interactions" "^3.3.4"
    "@react-aria/utils" "^3.7.0"
    "@react-stately/collections" "^3.3.1"
    "@react-stately/selection" "^3.4.0"
    "@react-types/shared" "^3.5.0"

"@react-aria/separator@^3.1.1":
  version "3.1.1"
  resolved "https://registry.yarnpkg.com/@react-aria/separator/-/separator-3.1.1.tgz#bfcd71bb5ab50dc04a7f307b84bd77955f08002f"
  integrity sha512-VbiqQsTtKKMjvMcPVWgTbDHzx7qMP3VFC+y9cEVajicMwRoO4bn7kJgcSzainXpWx70bhT5RW1mt84fzxMF+Lg==
  dependencies:
    "@babel/runtime" "^7.6.2"
    "@react-aria/utils" "^3.3.0"
    "@react-types/shared" "^3.2.1"

"@react-aria/slider@^3.0.1":
  version "3.0.1"
  resolved "https://registry.yarnpkg.com/@react-aria/slider/-/slider-3.0.1.tgz#c1d99d7303fe269bd57a9504ba13c6b34c830fd3"
  integrity sha512-qRmdn+6BrcgDkUqlPmkqr11GOxpOdeNjTAMYPCD5cXxbZdio1INGDtIQkQG8G7RIBld1Auhq7leeFfT4f7vhdg==
  dependencies:
    "@babel/runtime" "^7.6.2"
    "@react-aria/focus" "^3.2.3"
    "@react-aria/i18n" "^3.3.0"
    "@react-aria/interactions" "^3.3.3"
    "@react-aria/label" "^3.1.1"
    "@react-aria/utils" "^3.6.0"
    "@react-stately/radio" "^3.3.0"
    "@react-stately/slider" "^3.0.1"
    "@react-types/radio" "^3.1.1"
    "@react-types/slider" "^3.0.1"

"@react-aria/ssr@^3.0.1":
  version "3.0.1"
  resolved "https://registry.yarnpkg.com/@react-aria/ssr/-/ssr-3.0.1.tgz#5f7c111f9ecd184b8f6140139703c1ee552dca30"
  integrity sha512-rweMNcSkUO4YkcmgFIoZFvgPyHN2P9DOjq3VOHnZ8SG3Y4TTvSY6Iv90KgzeEfmWCUqqt65FYH4JgrpGNToEMw==
  dependencies:
    "@babel/runtime" "^7.6.2"

"@react-aria/switch@^3.1.1":
  version "3.1.1"
  resolved "https://registry.yarnpkg.com/@react-aria/switch/-/switch-3.1.1.tgz#a67239302908426dedc383a05bf7543190bec948"
  integrity sha512-VPuonUcZ0IFs3FAAL3cAWtZr95DH0nyzTWDgVfbfGQCz6zVcD1R6OlA0mUPEdqUl5jQamBvFIk/W/5KbtrpdQw==
  dependencies:
    "@babel/runtime" "^7.6.2"
    "@react-aria/toggle" "^3.1.1"
    "@react-stately/toggle" "^3.2.1"
    "@react-types/switch" "^3.1.1"

"@react-aria/textfield@^3.2.1", "@react-aria/textfield@^3.2.2":
  version "3.2.2"
  resolved "https://registry.yarnpkg.com/@react-aria/textfield/-/textfield-3.2.2.tgz#2e8195668464911d4f7a363d19da8786c10afd22"
  integrity sha512-oIIvy82uBTZqNyHivObFbVtUFMU7GsssIq8T195c0hiuUISoaUxhrV1zlqeo3Ny/WOf275+kGF3UNnkWXihmBg==
  dependencies:
    "@babel/runtime" "^7.6.2"
    "@react-aria/focus" "^3.2.2"
    "@react-aria/label" "^3.1.1"
    "@react-aria/utils" "^3.4.1"
    "@react-types/shared" "^3.2.1"
    "@react-types/textfield" "^3.2.2"

"@react-aria/toggle@^3.1.1":
  version "3.1.2"
  resolved "https://registry.yarnpkg.com/@react-aria/toggle/-/toggle-3.1.2.tgz#b21c55c103cbeb47baed1e76406aca778e77e8dd"
  integrity sha512-oFGo1ABma44hTZvBJWAgpxDr1FkRegk/UL9rAYvrKTBQIRXarvHm0Yv4BmHq/ZWYhHhNWsg07A6CntBQBZFG/A==
  dependencies:
    "@babel/runtime" "^7.6.2"
    "@react-aria/focus" "^3.2.2"
    "@react-aria/interactions" "^3.3.3"
    "@react-aria/utils" "^3.6.0"
    "@react-stately/toggle" "^3.2.1"
    "@react-types/checkbox" "^3.2.2"
    "@react-types/shared" "^3.4.0"
    "@react-types/switch" "^3.1.1"

"@react-aria/tooltip@^3.1.1":
  version "3.1.1"
  resolved "https://registry.yarnpkg.com/@react-aria/tooltip/-/tooltip-3.1.1.tgz#e0dfdd9e51b581563f684927249d70e1bad761e3"
  integrity sha512-wTszWN6lG3A9Ofdrhv1vG9aOmoqzuUZCbG9ZbXZ9+RtiOMwP/WnuSLWXcMH+KaWYpaImy7h1MDfOgHeaPxCbag==
  dependencies:
    "@babel/runtime" "^7.6.2"
    "@react-aria/focus" "^3.2.3"
    "@react-aria/interactions" "^3.3.3"
    "@react-aria/overlays" "^3.6.1"
    "@react-aria/utils" "^3.6.0"
    "@react-stately/tooltip" "^3.0.2"
    "@react-types/shared" "^3.4.0"
    "@react-types/tooltip" "^3.1.1"

"@react-aria/utils@^3.3.0", "@react-aria/utils@^3.4.1", "@react-aria/utils@^3.6.0", "@react-aria/utils@^3.7.0":
  version "3.7.0"
  resolved "https://registry.yarnpkg.com/@react-aria/utils/-/utils-3.7.0.tgz#0aab1f682e9f1781cfadd2dd1ef9494bfaca0cbf"
  integrity sha512-sMCdX0eF+4B05I+SX9V/NzI1/fD45vabi0dNyJhbSu2xNI82VIYgPcMBDjGU83NJSnjY969R3/JbbLjBrtKUgA==
  dependencies:
    "@babel/runtime" "^7.6.2"
    "@react-aria/ssr" "^3.0.1"
    "@react-stately/utils" "^3.2.0"
    "@react-types/shared" "^3.5.0"
    clsx "^1.1.1"

"@react-aria/visually-hidden@^3.2.1":
  version "3.2.1"
  resolved "https://registry.yarnpkg.com/@react-aria/visually-hidden/-/visually-hidden-3.2.1.tgz#c022c562346140a473242448045add59269a74fd"
  integrity sha512-ba7bQD09MuzUghtPyrQoXHgQnRRfOu039roVKPz2em9gHD0Wy4ap2UPwlzx35KzNq6FdCzMDZeSZHSnUWlzKnw==
  dependencies:
    "@babel/runtime" "^7.6.2"
    "@react-aria/interactions" "^3.2.1"
    "@react-aria/utils" "^3.3.0"
    clsx "^1.1.1"

"@react-spectrum/utils@^3.5.1":
  version "3.5.1"
  resolved "https://registry.yarnpkg.com/@react-spectrum/utils/-/utils-3.5.1.tgz#dd733913e30e0ed59c6bdae430531283b4cdcc96"
  integrity sha512-lSdxCtshkj9dsi9sGcem6s9lak2XT55uyZGZr2S3w6iwm3aS7OlJNoT/4xtUFGW3t1bF2oxNngHX6eLl+quFyw==
  dependencies:
    "@babel/runtime" "^7.6.2"
    "@react-aria/i18n" "^3.3.0"
    "@react-aria/ssr" "^3.0.1"
    "@react-aria/utils" "^3.6.0"
    "@react-types/shared" "^3.4.0"
    clsx "^1.1.1"

"@react-stately/checkbox@^3.0.1":
  version "3.0.1"
  resolved "https://registry.yarnpkg.com/@react-stately/checkbox/-/checkbox-3.0.1.tgz#2e48a2085f1559549df62c1eda78299127acaf80"
  integrity sha512-5rUx31X2NX78+vu/Ig4F9u0GnCeLAKD9N+BeGZXzJ/pTBIxoS/iAd9hegic4HKeulSrdYgNEpy3MMUPxhM9BkQ==
  dependencies:
    "@babel/runtime" "^7.6.2"
    "@react-stately/toggle" "^3.2.1"
    "@react-stately/utils" "^3.1.1"
    "@react-types/checkbox" "^3.2.1"

"@react-stately/collections@^3.2.1", "@react-stately/collections@^3.3.0", "@react-stately/collections@^3.3.1":
  version "3.3.1"
  resolved "https://registry.yarnpkg.com/@react-stately/collections/-/collections-3.3.1.tgz#683acf6e7a4e9ea174e1cf82a13bb8175ba0a1a0"
  integrity sha512-bBiOj0hszFpCbk9KhSm04Jo87GAODm8kA52uFiGAO99yb2ypO+UTFYseBExFQ59cV7b++UMCfdJe/+Ymv9RALg==
  dependencies:
    "@babel/runtime" "^7.6.2"
    "@react-types/shared" "^3.5.0"

"@react-stately/data@^3.3.0":
  version "3.3.0"
  resolved "https://registry.yarnpkg.com/@react-stately/data/-/data-3.3.0.tgz#a39a1100730ad624286cf7fc58ef57494424ecc1"
  integrity sha512-5T8Gz8wo7rXPKOMGpNxaEaYgcHmnYqTF+1jlv9pjv1ToX77nJHsqhVeAwt8SLscsfZJ6AAhIxUx49iQ6AuNbEA==
  dependencies:
    "@babel/runtime" "^7.6.2"
    "@react-types/shared" "^3.5.0"

"@react-stately/list@^3.2.1", "@react-stately/list@^3.2.2":
  version "3.2.2"
  resolved "https://registry.yarnpkg.com/@react-stately/list/-/list-3.2.2.tgz#fb368cc7678503179202d11aef0ef8d48d1cbf12"
  integrity sha512-8sJvy0cUhllhUMadYjX1qKmTxAWMRGxkvZpU/6reOEChlvibjAwbn2paoR8yZ+ppieeQOBe+AAYTl53gK8fKDA==
  dependencies:
    "@babel/runtime" "^7.6.2"
    "@react-stately/collections" "^3.3.0"
    "@react-stately/selection" "^3.2.1"
    "@react-stately/utils" "^3.1.1"
    "@react-types/shared" "^3.2.1"

"@react-stately/menu@^3.2.1":
  version "3.2.1"
  resolved "https://registry.yarnpkg.com/@react-stately/menu/-/menu-3.2.1.tgz#314646217e5dd49fa1da6886d33f485d44d6f0dd"
  integrity sha512-8cpCynynjjn3qWNzrZMJEpsdk4tkXK9q3Xaw0ADqVym/NC/wPU3P3cqL4HY+ETar01tS2x8K23qYHbOZz0cQtQ==
  dependencies:
    "@babel/runtime" "^7.6.2"
    "@react-stately/overlays" "^3.1.1"
    "@react-stately/utils" "^3.1.1"
    "@react-types/menu" "^3.1.1"
    "@react-types/shared" "^3.2.1"

"@react-stately/overlays@^3.1.1":
  version "3.1.1"
  resolved "https://registry.yarnpkg.com/@react-stately/overlays/-/overlays-3.1.1.tgz#6c1a393b77148184f7b1df22ece832d694d5a8b4"
  integrity sha512-79YYXvmWKflezNPhc4fvXA1rDZurZvvEJcmbStNlR5Ryrnk/sQiOQCoVWooi2M4glSMT3UOTvD7YEnXxARcuIQ==
  dependencies:
    "@babel/runtime" "^7.6.2"
    "@react-stately/utils" "^3.1.1"
    "@react-types/overlays" "^3.2.1"

"@react-stately/radio@^3.3.0":
  version "3.3.0"
  resolved "https://registry.yarnpkg.com/@react-stately/radio/-/radio-3.3.0.tgz#6c8c980370f267011bbc0a79c080b4bf35274c1b"
  integrity sha512-CcQT/UtiPx7Cy3+9gGcY/J3YH61/U3pw8jwoHA7lBBbqKH7b5Wjbis/UP9wv4tDBeUYPV0MdXlJjGBjyKt5Kow==
  dependencies:
    "@babel/runtime" "^7.6.2"
    "@react-stately/utils" "^3.2.0"
    "@react-types/radio" "^3.1.1"

"@react-stately/searchfield@^3.1.1":
  version "3.1.1"
  resolved "https://registry.yarnpkg.com/@react-stately/searchfield/-/searchfield-3.1.1.tgz#fcada7bff9cac5bc4ffed11ba9cd06b8513be72a"
  integrity sha512-asSTsM+H7kZB8XCIAQO0nqMm5onS+2d1yT351NEj42eAsliz5Zf/eZAsEo4Up8W77scDPxhFpaUigYMqjoFPyQ==
  dependencies:
    "@babel/runtime" "^7.6.2"
    "@react-stately/utils" "^3.1.1"
    "@react-types/searchfield" "^3.1.1"
    "@react-types/shared" "^3.2.1"

"@react-stately/select@^3.1.1":
  version "3.1.1"
  resolved "https://registry.yarnpkg.com/@react-stately/select/-/select-3.1.1.tgz#f49602ee7fc71f14550360bfa7c5becab58ac877"
  integrity sha512-cl63nW66IJPsn9WQjKvghAIFKdFKuU1txx4zdEGY9tcwB/Yc+bgniLGOOTExJqN/RdPW9uBny5jjWcc4OQXyJA==
  dependencies:
    "@babel/runtime" "^7.6.2"
    "@react-stately/collections" "^3.2.1"
    "@react-stately/list" "^3.2.1"
    "@react-stately/menu" "^3.2.1"
    "@react-stately/selection" "^3.2.1"
    "@react-stately/utils" "^3.1.1"
    "@react-types/select" "^3.1.1"
    "@react-types/shared" "^3.2.1"

"@react-stately/selection@^3.2.1", "@react-stately/selection@^3.4.0":
  version "3.4.0"
  resolved "https://registry.yarnpkg.com/@react-stately/selection/-/selection-3.4.0.tgz#795134e17b59f21cc4979b30179bccdfc2e3b9c1"
  integrity sha512-5RV9f1Tm4WSTDguL1iizYcgzeWiK6Qe2EZ03zaaE9gm5UyyIrEPQD4WW9Semio2cUF8IFuWLaOvRCk+un7p53Q==
  dependencies:
    "@babel/runtime" "^7.6.2"
    "@react-stately/collections" "^3.3.1"
    "@react-stately/utils" "^3.1.1"
    "@react-types/shared" "^3.5.0"

"@react-stately/slider@^3.0.1":
  version "3.0.1"
  resolved "https://registry.yarnpkg.com/@react-stately/slider/-/slider-3.0.1.tgz#076c149947ae45f5eda30178b368ad0c4052f2a3"
  integrity sha512-gGpfdVbTmdsOvrmZvFx4hJ5b7nczvAWdHR/tFFJKfxH0/V8NudZ5hGnawY84R3x+OvgV+tKUfifEUKA+oJyG5w==
  dependencies:
    "@babel/runtime" "^7.6.2"
    "@react-aria/i18n" "^3.3.0"
    "@react-aria/utils" "^3.6.0"
    "@react-stately/utils" "^3.2.0"
    "@react-types/slider" "^3.0.1"

"@react-stately/toggle@^3.2.1":
  version "3.2.1"
  resolved "https://registry.yarnpkg.com/@react-stately/toggle/-/toggle-3.2.1.tgz#8b10b5eb99c3c4df2c36d17a5f23b77773ed7722"
  integrity sha512-gZVuJ8OYoATUoXzdprsyx6O1w3wCrN+J0KnjhrjjKTrBG68n3pZH0p6dM0XpsaCzlSv0UgNa4fhHS3dYfr/ovw==
  dependencies:
    "@babel/runtime" "^7.6.2"
    "@react-stately/utils" "^3.1.1"
    "@react-types/checkbox" "^3.2.1"
    "@react-types/shared" "^3.2.1"

"@react-stately/tooltip@^3.0.2", "@react-stately/tooltip@^3.0.3":
  version "3.0.3"
  resolved "https://registry.yarnpkg.com/@react-stately/tooltip/-/tooltip-3.0.3.tgz#577fbf3cca39db7047ec2d77ddc03a56c454a82a"
  integrity sha512-N98S8ccHEpgbgM6wIMZwqz37s8IQTa+5nPr8eVnIs5wqwdnAARFjvckr2okOGwaksofp1wtpcYbnNrIBwexJOg==
  dependencies:
    "@babel/runtime" "^7.6.2"
    "@react-stately/overlays" "^3.1.1"
    "@react-stately/utils" "^3.2.0"
    "@react-types/tooltip" "^3.1.1"

"@react-stately/tree@^3.1.3":
  version "3.1.3"
  resolved "https://registry.yarnpkg.com/@react-stately/tree/-/tree-3.1.3.tgz#5ceb1aa3793836a503253ddd47fc9227ac59c7b4"
  integrity sha512-xwM2C3ppd8yJfduwgff7Gl2bNPMVeF4K65InFJZNVx5JLKFF6DJLAPTORAHLpCN+AoB8bY4sRK3V5fNBVpz0oQ==
  dependencies:
    "@babel/runtime" "^7.6.2"
    "@react-stately/collections" "^3.3.1"
    "@react-stately/selection" "^3.4.0"
    "@react-stately/utils" "^3.1.1"
    "@react-types/shared" "^3.5.0"

"@react-stately/utils@^3.1.1", "@react-stately/utils@^3.2.0":
  version "3.2.0"
  resolved "https://registry.yarnpkg.com/@react-stately/utils/-/utils-3.2.0.tgz#0b90a70fee3236025ad8bed1f0e3555d5fc10296"
  integrity sha512-vVBJvHVLnQySgqZ7OfP3ngDdwfGscJDsSD3WcN5ntHiT3JlZ5bksQReDkJEs20SFu2ST4w/0K7O4m97SbuMl2Q==
  dependencies:
    "@babel/runtime" "^7.6.2"

"@react-types/breadcrumbs@^3.2.0":
  version "3.2.0"
  resolved "https://registry.yarnpkg.com/@react-types/breadcrumbs/-/breadcrumbs-3.2.0.tgz#c30d236f4073bebb89d7e2603e1d077e4e26b818"
  integrity sha512-LmYOZwEbVl3QnjCmc6H3qVTukAQ2mAzwP2jxzmAnzk3dD+jPhsij/G8PWgTZI3oXCM/vSmLxqG8ga7FtrAx2SQ==
  dependencies:
    "@react-types/shared" "^3.2.1"

"@react-types/button@^3.2.1", "@react-types/button@^3.3.1":
  version "3.3.1"
  resolved "https://registry.yarnpkg.com/@react-types/button/-/button-3.3.1.tgz#4bdd325bc7df19c33911af256f63eae91e2a452e"
  integrity sha512-xKLGSzGfsDBMe0SM7icOLNmzW38sdNSDSGMdrTLd3ygxb6pXY/LlcTdx7Sq28hdW8XL/ikFAnoQeS1VLXZHj7w==
  dependencies:
    "@react-types/shared" "^3.4.0"

"@react-types/checkbox@^3.2.1", "@react-types/checkbox@^3.2.2":
  version "3.2.2"
  resolved "https://registry.yarnpkg.com/@react-types/checkbox/-/checkbox-3.2.2.tgz#7182d44a533e2ffd2c9118372cbc2c33b006eb18"
  integrity sha512-WAAqLdjf6GUWjsMN5NaFMFumOtGTq+3+48CpM0ah2L+qmhMdj1s4gvHDerhls6u4ovRK/7zhg7XK+qQwcYVqMg==
  dependencies:
    "@react-types/shared" "^3.4.0"

"@react-types/dialog@^3.3.0":
  version "3.3.0"
  resolved "https://registry.yarnpkg.com/@react-types/dialog/-/dialog-3.3.0.tgz#60a2b53f250ee082b53aef9340c80f1afe654bc7"
  integrity sha512-63Vsr/UOZiaajlNDQUgWDi6v3EMenV1f8Cwh+L4lcyIJnbC6WeC2VEV3ld/TYVC0U58SQ0k7u2EIyHkWjc5kdQ==
  dependencies:
    "@react-types/overlays" "^3.2.1"
    "@react-types/shared" "^3.2.1"

"@react-types/label@^3.2.1":
  version "3.4.0"
  resolved "https://registry.yarnpkg.com/@react-types/label/-/label-3.4.0.tgz#6023dc9dd0146324ead52e08540cd60e57a3e27f"
  integrity sha512-l84ysm1dcjL/5qVk9iN74z+/Ul0999XqnwTu6aTbuwAXqMk2sTU45eK2Yp/FJ7YWeflcF1vsomTkjMkX0BHKMw==
  dependencies:
    "@react-types/shared" "^3.4.0"

"@react-types/link@^3.1.1":
  version "3.1.1"
  resolved "https://registry.yarnpkg.com/@react-types/link/-/link-3.1.1.tgz#6cbaa0b1e5cf1492dd59a8f8f645308848395306"
  integrity sha512-sTyr6fEjwBWXGp/7iU/+ncO0O8YHnf53ZdB7+vOZX+7w1smQ2yVAllRHrREcnEXijMBfuoWf2i0pNqgQBdmLwQ==
  dependencies:
    "@react-aria/interactions" "^3.2.1"
    "@react-types/shared" "^3.2.1"

"@react-types/listbox@^3.1.1":
  version "3.1.1"
  resolved "https://registry.yarnpkg.com/@react-types/listbox/-/listbox-3.1.1.tgz#b896303ccb87123cf59ee2c089953d7928497c9b"
  integrity sha512-HAljfdpbyLoJL9iwqz7Fw9MOmRwfzODeN+sr5ncE0eXJxnRBFhb5LjbjAN1dUBrKFBkv3etGlYu5HvX+PJjpew==
  dependencies:
    "@react-types/shared" "^3.2.1"

"@react-types/menu@^3.1.1":
  version "3.1.1"
  resolved "https://registry.yarnpkg.com/@react-types/menu/-/menu-3.1.1.tgz#e5aa52ac07c083243540dd5da0790a85fd1628c6"
  integrity sha512-/xZWp4/3P/8dKFAGuzxz8IccSXvJH0TmHIk2/xnj2Eyw9152IfutIpOda3iswhjrx1LEkzUgdJ8bCdiebgg6QQ==
  dependencies:
    "@react-types/overlays" "^3.2.1"
    "@react-types/shared" "^3.2.1"

"@react-types/meter@^3.1.1":
  version "3.1.1"
  resolved "https://registry.yarnpkg.com/@react-types/meter/-/meter-3.1.1.tgz#1a89c77c0f847fc741984703a22af266eae1429f"
  integrity sha512-82dltyAhCIfyuwfyu+dijEUC08+G7imX3x7QVPSWIHfXusWbWXQG9YzBXJkmCoZlMPEMhEtA6l5niHM3gMD/Zg==
  dependencies:
    "@react-types/progress" "^3.1.1"
    "@react-types/shared" "^3.2.1"

"@react-types/overlays@^3.2.1", "@react-types/overlays@^3.4.0":
  version "3.4.0"
  resolved "https://registry.yarnpkg.com/@react-types/overlays/-/overlays-3.4.0.tgz#3c4619906bb12e3697e770b59c2090bb18da25bd"
  integrity sha512-ddiMB6JXR7acQnRFEL2/6SSdBropmNrcAFk3qFCfovuVZh6STYhPmoAgj06mJFDoAD63pxayysfPG2EvLl2yAw==
  dependencies:
    "@react-types/shared" "^3.3.0"

"@react-types/progress@^3.1.1":
  version "3.1.1"
  resolved "https://registry.yarnpkg.com/@react-types/progress/-/progress-3.1.1.tgz#e2a99eab26e2b3117f65f78ccb320eae1cdbf693"
  integrity sha512-Q9mgDbUw7Dcexd2CAo/NRanQ+7btHYAzjphoVSrIUwTsmgg4/WsPjZ3fplVyyRnzoYEjME/b7Og5HZ+ZEFTvsA==
  dependencies:
    "@react-types/shared" "^3.2.1"

"@react-types/radio@^3.1.1":
  version "3.1.1"
  resolved "https://registry.yarnpkg.com/@react-types/radio/-/radio-3.1.1.tgz#5b1b11ff3043ac902e8970e49260f2664da80e5e"
  integrity sha512-neInMjlbZyyGYYyeDJk9BcEejLczvsBiyk/swSUHmQ99eNIjK3ptUHTNdXM1xBBc3zI1SvBxOQr+uGeeEszvxw==
  dependencies:
    "@react-types/shared" "^3.2.1"

"@react-types/searchfield@^3.1.1":
  version "3.1.1"
  resolved "https://registry.yarnpkg.com/@react-types/searchfield/-/searchfield-3.1.1.tgz#bbbb8984706c02559810328791cdfb8d418336a0"
  integrity sha512-qNVrO3bIM9TcZHVuU7QI12LHShosvp3D297xw/iGLQoyaL0/W68d4dJs5ujU5ZRj8/gGRhAQiparpRs9hiHkxw==
  dependencies:
    "@react-types/textfield" "^3.2.1"

"@react-types/select@^3.1.1", "@react-types/select@^3.2.0":
  version "3.2.0"
  resolved "https://registry.yarnpkg.com/@react-types/select/-/select-3.2.0.tgz#31b9e0f94fc24f053f4a1f073e174ffd59bac055"
  integrity sha512-9vYhQWr1iB+3KWTZ1RxS2xZq0n0CJfsTRbEr0akLrtE/pRLC4O4l8RMFD49HyX0fShvz1FStmxTE2x7k8yVc4w==
  dependencies:
    "@react-types/shared" "^3.4.0"

"@react-types/shared@^3.2.1", "@react-types/shared@^3.3.0", "@react-types/shared@^3.4.0", "@react-types/shared@^3.5.0":
  version "3.5.0"
  resolved "https://registry.yarnpkg.com/@react-types/shared/-/shared-3.5.0.tgz#dbc90e8fe711967e66d6f3ce0e17d34b24bd6283"
  integrity sha512-997Me7AegwJOI10ye/Q5ds6fT+VBc6XcsXYzPqOD+HIbyL1kUQNDF/VoO37ib7KEH8jXH9aceoX9blz3Q1QcpA==

"@react-types/slider@^3.0.1":
  version "3.0.1"
  resolved "https://registry.yarnpkg.com/@react-types/slider/-/slider-3.0.1.tgz#b663c06765c5517f5d433e6158ad29d12eeaac4e"
  integrity sha512-EUWogUMH/dU01+adJ7/Hlu6mP0thbXw8ftmWbPVMLWqweV2dEzRkvQZ8d9+q2JFMSNXwMSWvuMSVSnPKFbUXeQ==
  dependencies:
    "@react-types/shared" "^3.4.0"

"@react-types/switch@^3.1.1":
  version "3.1.1"
  resolved "https://registry.yarnpkg.com/@react-types/switch/-/switch-3.1.1.tgz#7909a8f7c2cb68ab7536efd03af3be3417e0eca3"
  integrity sha512-nI5J/1CrJrVANwgikXyPMqxWJ4UyefzE4Vz/TwTgoXQ9v+LRNo22wbisfh1EmJAlZ0E52X/iKViVaBroNty+EA==
  dependencies:
    "@react-types/checkbox" "^3.2.1"
    "@react-types/shared" "^3.2.1"

"@react-types/textfield@^3.2.1", "@react-types/textfield@^3.2.2":
  version "3.2.2"
  resolved "https://registry.yarnpkg.com/@react-types/textfield/-/textfield-3.2.2.tgz#2f310c125df7c4a64a19d7c5064537218f909d38"
  integrity sha512-S+U+Uc0WDgMK8X28j5WUtmkCL25iTQ+oGfCRFf4/GJtiwfO9lVLCgH/NWxpoVuNsPGvt36rlDnyS82Ge9H1/qA==
  dependencies:
    "@react-types/shared" "^3.2.1"

"@react-types/tooltip@^3.1.1":
  version "3.1.1"
  resolved "https://registry.yarnpkg.com/@react-types/tooltip/-/tooltip-3.1.1.tgz#7d45a4dd8c57c422a1a2dcb03b6c043e7481c3ca"
  integrity sha512-18gM2Co9tzCDfN0tEdfboD18sXDtD6YiKctd8HQ8tBiRO4IF1ce9ubKe6++Lj+38GQPq7GWFFoUiS1WArTWIHA==
  dependencies:
    "@react-types/overlays" "^3.4.0"
    "@react-types/shared" "^3.4.0"

"@types/classnames@^2.2.9":
  version "2.2.11"
  resolved "https://registry.yarnpkg.com/@types/classnames/-/classnames-2.2.11.tgz#2521cc86f69d15c5b90664e4829d84566052c1cf"
  integrity sha512-2koNhpWm3DgWRp5tpkiJ8JGc1xTn2q0l+jUNUE7oMKXUf5NpI9AIdC4kbjGNFBdHtcxBD18LAksoudAVhFKCjw==

"@types/esrever@^0.2.0":
  version "0.2.0"
  resolved "https://registry.yarnpkg.com/@types/esrever/-/esrever-0.2.0.tgz#96404a2284b2c7527f08a1e957f8a31705f9880f"
  integrity sha512-5NI6TeGzVEy/iBcuYtcPzzIC6EqlfQ2+UZ54vT0ulq8bPNGAy8UJD+XcsAyEOcnYFUjOVWuUV+k4/rVkxt9/XQ==

"@types/is-hotkey@^0.1.1":
  version "0.1.2"
  resolved "https://registry.yarnpkg.com/@types/is-hotkey/-/is-hotkey-0.1.2.tgz#94f00793b5a297a7f7e69c1ef49613da2243a987"
  integrity sha512-SUw9LpI3AIwbRNXS7FYy9AlXrTPIdBZGI7y4XxfIEYqgSW1UfFCUM9cMwHE/yCfTl0qeI0UQ/q8TdIxsIFgKPg==

"@types/lodash@^4.14.149":
  version "4.14.168"
  resolved "https://registry.yarnpkg.com/@types/lodash/-/lodash-4.14.168.tgz#fe24632e79b7ade3f132891afff86caa5e5ce008"
  integrity sha512-oVfRvqHV/V6D1yifJbVRU3TMp8OT6o6BG+U9MkwuJ3U8/CsDHvalRpsxBqivn71ztOFZBTfJMvETbqHiaNSj7Q==

"@types/node@^14.0.26":
  version "14.14.41"
  resolved "https://registry.yarnpkg.com/@types/node/-/node-14.14.41.tgz#d0b939d94c1d7bd53d04824af45f1139b8c45615"
  integrity sha512-dueRKfaJL4RTtSa7bWeTK1M+VH+Gns73oCgzvYfHZywRCoPSd8EkXBL0mZ9unPTveBn+D9phZBaxuzpwjWkW0g==

"@types/prop-types@*":
  version "15.7.3"
  resolved "https://registry.yarnpkg.com/@types/prop-types/-/prop-types-15.7.3.tgz#2ab0d5da2e5815f94b0b9d4b95d1e5f243ab2ca7"
  integrity sha512-KfRL3PuHmqQLOG+2tGpRO26Ctg+Cq1E01D2DMriKEATHgWLfeNDmq9e29Q9WIky0dQ3NPkd1mzYH8Lm936Z9qw==

"@types/react-dom@^16.9.8":
  version "16.9.12"
  resolved "https://registry.yarnpkg.com/@types/react-dom/-/react-dom-16.9.12.tgz#55cd6b17e73922edb9545e5355a0016c1734e6f4"
  integrity sha512-i7NPZZpPte3jtVOoW+eLB7G/jsX5OM6GqQnH+lC0nq0rqwlK0x8WcMEvYDgFWqWhWMlTltTimzdMax6wYfZssA==
  dependencies:
    "@types/react" "^16"

"@types/react@^16", "@types/react@^16.9.46":
  version "16.14.5"
  resolved "https://registry.yarnpkg.com/@types/react/-/react-16.14.5.tgz#2c39b5cadefaf4829818f9219e5e093325979f4d"
  integrity sha512-YRRv9DNZhaVTVRh9Wmmit7Y0UFhEVqXqCSw3uazRWMxa2x85hWQZ5BN24i7GXZbaclaLXEcodEeIHsjBA8eAMw==
  dependencies:
    "@types/prop-types" "*"
    "@types/scheduler" "*"
    csstype "^3.0.2"

"@types/scheduler@*":
  version "0.16.1"
  resolved "https://registry.yarnpkg.com/@types/scheduler/-/scheduler-0.16.1.tgz#18845205e86ff0038517aab7a18a62a6b9f71275"
  integrity sha512-EaCxbanVeyxDRTQBkdLb3Bvl/HK7PBK6UJjsSixB0iHKoWxE5uu2Q/DgtpOhPIojN0Zl1whvOd7PoHs2P0s5eA==

classnames@^2.2.6:
  version "2.3.1"
  resolved "https://registry.yarnpkg.com/classnames/-/classnames-2.3.1.tgz#dfcfa3891e306ec1dad105d0e88f4417b8535e8e"
  integrity sha512-OlQdbZ7gLfGarSqxesMesDa5uz7KFbID8Kpq/SxIoNGDqY8lSYs0D+hhtBXhcdB3rcbXArFr7vlHheLk1voeNA==

clsx@^1.1.1:
  version "1.1.1"
  resolved "https://registry.yarnpkg.com/clsx/-/clsx-1.1.1.tgz#98b3134f9abbdf23b2663491ace13c5c03a73188"
  integrity sha512-6/bPho624p3S2pMyvP5kKBPXnI3ufHLObBFCfgx+LkeR5lg2XYy2hqZqUf45ypD8COn2bhgGJSUE+l5dhNBieA==

compute-scroll-into-view@^1.0.17:
  version "1.0.17"
  resolved "https://registry.yarnpkg.com/compute-scroll-into-view/-/compute-scroll-into-view-1.0.17.tgz#6a88f18acd9d42e9cf4baa6bec7e0522607ab7ab"
  integrity sha512-j4dx+Fb0URmzbwwMUrhqWM2BEWHdFGx+qZ9qqASHRPqvTYdqvWnHg0H1hIbcyLnvgnoNAVMlwkepyqM3DaIFUg==

csstype@^3.0.2:
  version "3.0.7"
  resolved "https://registry.yarnpkg.com/csstype/-/csstype-3.0.7.tgz#2a5fb75e1015e84dd15692f71e89a1450290950b"
  integrity sha512-KxnUB0ZMlnUWCsx2Z8MUsr6qV6ja1w9ArPErJaJaF8a5SOWoHLIszeCTKGRGRgtLgYrs1E8CHkNSP1VZTTPc9g==

direction@^1.0.3:
  version "1.0.4"
  resolved "https://registry.yarnpkg.com/direction/-/direction-1.0.4.tgz#2b86fb686967e987088caf8b89059370d4837442"
  integrity sha512-GYqKi1aH7PJXxdhTeZBFrg8vUBeKXi+cNprXsC1kpJcbcVnV9wBsrOu1cQEdG0WeQwlfHiy3XvnKfIrJ2R0NzQ==

dom-helpers@^3.3.1:
  version "3.4.0"
  resolved "https://registry.yarnpkg.com/dom-helpers/-/dom-helpers-3.4.0.tgz#e9b369700f959f62ecde5a6babde4bccd9169af8"
  integrity sha512-LnuPJ+dwqKDIyotW1VzmOZ5TONUN7CwkCR5hrgawTUbkBGYdeoNLZo6nNfGkCrjtE1nXXaj7iMMpDa8/d9WoIA==
  dependencies:
    "@babel/runtime" "^7.1.2"

esrever@^0.2.0:
  version "0.2.0"
  resolved "https://registry.yarnpkg.com/esrever/-/esrever-0.2.0.tgz#96e9d28f4f1b1a76784cd5d490eaae010e7407b8"
  integrity sha1-lunSj08bGnZ4TNXUkOquAQ50B7g=

immer@^5.0.0:
  version "5.3.6"
  resolved "https://registry.yarnpkg.com/immer/-/immer-5.3.6.tgz#51eab8cbbeb13075fe2244250f221598818cac04"
  integrity sha512-pqWQ6ozVfNOUDjrLfm4Pt7q4Q12cGw2HUZgry4Q5+Myxu9nmHRkWBpI0J4+MK0AxbdFtdMTwEGVl7Vd+vEiK+A==

intl-messageformat-parser@1.4.0:
  version "1.4.0"
  resolved "https://registry.yarnpkg.com/intl-messageformat-parser/-/intl-messageformat-parser-1.4.0.tgz#b43d45a97468cadbe44331d74bb1e8dea44fc075"
  integrity sha1-tD1FqXRoytvkQzHXS7Ho3qRPwHU=

intl-messageformat@^2.2.0:
  version "2.2.0"
  resolved "https://registry.yarnpkg.com/intl-messageformat/-/intl-messageformat-2.2.0.tgz#345bcd46de630b7683330c2e52177ff5eab484fc"
  integrity sha1-NFvNRt5jC3aDMwwuUhd/9eq0hPw=
  dependencies:
    intl-messageformat-parser "1.4.0"

is-hotkey@^0.1.6:
  version "0.1.8"
  resolved "https://registry.yarnpkg.com/is-hotkey/-/is-hotkey-0.1.8.tgz#6b1f4b2d0e5639934e20c05ed24d623a21d36d25"
  integrity sha512-qs3NZ1INIS+H+yeo7cD9pDfwYV/jqRh1JG9S9zYrNudkoUQg7OL7ziXqRKu+InFjUIDoP2o6HIkLYMh1pcWgyQ==

is-plain-object@^3.0.0:
  version "3.0.1"
  resolved "https://registry.yarnpkg.com/is-plain-object/-/is-plain-object-3.0.1.tgz#662d92d24c0aa4302407b0d45d21f2251c85f85b"
  integrity sha512-Xnpx182SBMrr/aBik8y+GuR4U1L9FqMSojwDQwPMmxyC6bvEqly9UBCxhauBF5vNh2gwWJNX6oDV7O+OM4z34g==

"js-tokens@^3.0.0 || ^4.0.0":
  version "4.0.0"
  resolved "https://registry.yarnpkg.com/js-tokens/-/js-tokens-4.0.0.tgz#19203fb59991df98e3a287050d4647cdeaf32499"
  integrity sha512-RdJUflcE3cUzKiMqQgsCu06FPu9UdIJO0beYbPhHN4k6apgJtifcoCtT9bcxOpYBtpD2kCM6Sbzg4CausW/PKQ==

lodash@^4.17.4:
  version "4.17.21"
  resolved "https://registry.yarnpkg.com/lodash/-/lodash-4.17.21.tgz#679591c564c3bffaae8454cf0b3df370c3d6911c"
  integrity sha512-v2kDEe57lecTulaDIuNTPy3Ry4gLGJ6Z1O3vE1krgXZNrsQ+LFTGHVxVjcXPs17LhbZVGedAJv8XZ1tvj5FvSg==

loose-envify@^1.1.0, loose-envify@^1.4.0:
  version "1.4.0"
  resolved "https://registry.yarnpkg.com/loose-envify/-/loose-envify-1.4.0.tgz#71ee51fa7be4caec1a63839f7e682d8132d30caf"
  integrity sha512-lyuxPGr/Wfhrlem2CL/UcnUc1zcqKAImBDzukY7Y5F/yQiNdko6+fRLevlw1HgMySw7f611UIY408EtxRSoK3Q==
  dependencies:
    js-tokens "^3.0.0 || ^4.0.0"

mobx-react-lite@^2.0.7:
  version "2.2.2"
  resolved "https://registry.yarnpkg.com/mobx-react-lite/-/mobx-react-lite-2.2.2.tgz#87c217dc72b4e47b22493daf155daf3759f868a6"
  integrity sha512-2SlXALHIkyUPDsV4VTKVR9DW7K3Ksh1aaIv3NrNJygTbhXe2A9GrcKHZ2ovIiOp/BXilOcTYemfHHZubP431dg==

mobx@^5.15.4:
  version "5.15.7"
  resolved "https://registry.yarnpkg.com/mobx/-/mobx-5.15.7.tgz#b9a5f2b6251f5d96980d13c78e9b5d8d4ce22665"
  integrity sha512-wyM3FghTkhmC+hQjyPGGFdpehrcX1KOXsDuERhfK2YbJemkUhEB+6wzEN639T21onxlfYBmriA1PFnvxTUhcKw==

object-assign@^4.1.1:
  version "4.1.1"
  resolved "https://registry.yarnpkg.com/object-assign/-/object-assign-4.1.1.tgz#2109adc7965887cfc05cbbd442cac8bfbb360863"
  integrity sha1-IQmtx5ZYh8/AXLvUQsrIv7s2CGM=

prop-types@^15.6.2:
  version "15.7.2"
  resolved "https://registry.yarnpkg.com/prop-types/-/prop-types-15.7.2.tgz#52c41e75b8c87e72b9d9360e0206b99dcbffa6c5"
  integrity sha512-8QQikdH7//R2vurIJSutZ1smHYTcLpRWEOlHnzcWHmBYrOGUysKwSsrC89BCiFj3CbrfJ/nXFdJepOVrY1GCHQ==
  dependencies:
    loose-envify "^1.4.0"
    object-assign "^4.1.1"
    react-is "^16.8.1"

react-aria@^3.5.0:
  version "3.5.0"
  resolved "https://registry.yarnpkg.com/react-aria/-/react-aria-3.5.0.tgz#52ba11feac30578c6c61a08137958fa2d32b8215"
  integrity sha512-V/qPcflOHTdt30BW9BV90nLwB9GsL6mbaMj2VORHUdJFw1VpqLUx91Cx4KDYmaWk5I+j5pjM1rO79VwTIJ3KHA==
  dependencies:
    "@react-aria/breadcrumbs" "^3.1.3"
    "@react-aria/button" "^3.3.1"
    "@react-aria/checkbox" "^3.2.1"
    "@react-aria/dialog" "^3.1.2"
    "@react-aria/focus" "^3.2.4"
    "@react-aria/i18n" "^3.3.0"
    "@react-aria/interactions" "^3.3.4"
    "@react-aria/label" "^3.1.1"
    "@react-aria/link" "^3.1.2"
    "@react-aria/listbox" "^3.2.4"
    "@react-aria/menu" "^3.2.0"
    "@react-aria/meter" "^3.1.1"
    "@react-aria/overlays" "^3.6.2"
    "@react-aria/progress" "^3.1.1"
    "@react-aria/radio" "^3.1.3"
    "@react-aria/searchfield" "^3.1.2"
    "@react-aria/select" "^3.3.1"
    "@react-aria/separator" "^3.1.1"
    "@react-aria/slider" "^3.0.1"
    "@react-aria/ssr" "^3.0.1"
    "@react-aria/switch" "^3.1.1"
    "@react-aria/textfield" "^3.2.2"
    "@react-aria/tooltip" "^3.1.1"
    "@react-aria/utils" "^3.7.0"
    "@react-aria/visually-hidden" "^3.2.1"

react-dom@^16.13.1:
  version "16.14.0"
  resolved "https://registry.yarnpkg.com/react-dom/-/react-dom-16.14.0.tgz#7ad838ec29a777fb3c75c3a190f661cf92ab8b89"
  integrity sha512-1gCeQXDLoIqMgqD3IO2Ah9bnf0w9kzhwN5q4FGnHZ67hBm9yePzB5JJAIQCc8x3pFnNlwFq4RidZggNAAkzWWw==
  dependencies:
    loose-envify "^1.1.0"
    object-assign "^4.1.1"
    prop-types "^15.6.2"
    scheduler "^0.19.1"

react-is@^16.8.1:
  version "16.13.1"
  resolved "https://registry.yarnpkg.com/react-is/-/react-is-16.13.1.tgz#789729a4dc36de2999dc156dd6c1d9c18cea56a4"
  integrity sha512-24e6ynE2H+OKt4kqsOvNd8kBpV65zoxbA4BVsEOB3ARVWQki/DHzaUoC5KuON/BiccDaCCTZBuOcfZs70kR8bQ==

react-stately@^3.4.0:
  version "3.4.0"
  resolved "https://registry.yarnpkg.com/react-stately/-/react-stately-3.4.0.tgz#8a596e0544ae708be96614c1fd3e10f259cc6a95"
  integrity sha512-mlewf8B5xJbxCkjlJtLct1nLmsxTnXSSGFn1gFI46e9rTgmq2AzVQg7gWk4iGT9+QhN+8i/nWEqXXqNJ1pqJGA==
  dependencies:
    "@react-stately/checkbox" "^3.0.1"
    "@react-stately/collections" "^3.3.1"
    "@react-stately/data" "^3.3.0"
    "@react-stately/list" "^3.2.2"
    "@react-stately/menu" "^3.2.1"
    "@react-stately/overlays" "^3.1.1"
    "@react-stately/radio" "^3.3.0"
    "@react-stately/searchfield" "^3.1.1"
    "@react-stately/select" "^3.1.1"
    "@react-stately/selection" "^3.4.0"
    "@react-stately/slider" "^3.0.1"
    "@react-stately/toggle" "^3.2.1"
    "@react-stately/tooltip" "^3.0.3"
    "@react-stately/tree" "^3.1.3"

react@^16.13.1:
  version "16.14.0"
  resolved "https://registry.yarnpkg.com/react/-/react-16.14.0.tgz#94d776ddd0aaa37da3eda8fc5b6b18a4c9a3114d"
  integrity sha512-0X2CImDkJGApiAlcf0ODKIneSwBPhqJawOa5wCtKbu7ZECrmS26NvtSILynQ66cgkT/RJ4LidJOc3bUESwmU8g==
  dependencies:
    loose-envify "^1.1.0"
    object-assign "^4.1.1"
    prop-types "^15.6.2"

regenerator-runtime@^0.13.4:
  version "0.13.7"
  resolved "https://registry.yarnpkg.com/regenerator-runtime/-/regenerator-runtime-0.13.7.tgz#cac2dacc8a1ea675feaabaeb8ae833898ae46f55"
  integrity sha512-a54FxoJDIr27pgf7IgeQGxmqUNYrcV338lf/6gH456HZ/PhX+5BcwHXG9ajESmwe6WRO0tAzRUrRmNONWgkrew==

resize-observer-polyfill@^1.5.1:
  version "1.5.1"
  resolved "https://registry.yarnpkg.com/resize-observer-polyfill/-/resize-observer-polyfill-1.5.1.tgz#0e9020dd3d21024458d4ebd27e23e40269810464"
  integrity sha512-LwZrotdHOo12nQuZlHEmtuXdqGoOD0OhaxopaNFxWzInpEgaLWoVuAMbTzixuosCx2nEG58ngzW3vxdWoxIgdg==

scheduler@^0.19.1:
  version "0.19.1"
  resolved "https://registry.yarnpkg.com/scheduler/-/scheduler-0.19.1.tgz#4f3e2ed2c1a7d65681f4c854fa8c5a1ccb40f196"
  integrity sha512-n/zwRWRYSUj0/3g/otKDRPMh6qv2SYMWNq85IEa8iZyAv8od9zDYpGSnpBEjNgcMNq6Scbu5KfIPxNF72R/2EA==
  dependencies:
    loose-envify "^1.1.0"
    object-assign "^4.1.1"

scroll-into-view-if-needed@^2.2.20:
  version "2.2.28"
  resolved "https://registry.yarnpkg.com/scroll-into-view-if-needed/-/scroll-into-view-if-needed-2.2.28.tgz#5a15b2f58a52642c88c8eca584644e01703d645a"
  integrity sha512-8LuxJSuFVc92+0AdNv4QOxRL4Abeo1DgLnGNkn1XlaujPH/3cCFz3QI60r2VNu4obJJROzgnIUw5TKQkZvZI1w==
  dependencies:
    compute-scroll-into-view "^1.0.17"

slate-react@^0.59.0:
  version "0.59.0"
  resolved "https://registry.yarnpkg.com/slate-react/-/slate-react-0.59.0.tgz#c8043dce7ea71279f314d9951c32e4f548b1ea0b"
  integrity sha512-Fx5vfTi0s1fY5PaXzPH8uA9mW8aevVVYrGGvqX/k363tlPDnQSs/QTibIyFl1Y3MPJ+GdocoyOGjAaZMUIXfIg==
  dependencies:
    "@types/is-hotkey" "^0.1.1"
    "@types/lodash" "^4.14.149"
    direction "^1.0.3"
    is-hotkey "^0.1.6"
    is-plain-object "^3.0.0"
    lodash "^4.17.4"
    scroll-into-view-if-needed "^2.2.20"

slate@^0.59.0:
  version "0.59.0"
  resolved "https://registry.yarnpkg.com/slate/-/slate-0.59.0.tgz#3169daf2f036e84aa149f60e0d12ef2fc4c0839e"
  integrity sha512-M4UTMkXExxuq8tCD+knn7BtV2pmY8pepay++EF59rmg/v4RB6X1gNzA0xP3aw2rqYl8TmWdOBdy9InFrm3WyXw==
  dependencies:
    "@types/esrever" "^0.2.0"
    esrever "^0.2.0"
    immer "^5.0.0"
    is-plain-object "^3.0.0"
    tiny-warning "^1.0.3"

tiny-warning@^1.0.3:
  version "1.0.3"
  resolved "https://registry.yarnpkg.com/tiny-warning/-/tiny-warning-1.0.3.tgz#94a30db453df4c643d0fd566060d60a875d84754"
  integrity sha512-lBN9zLN/oAf68o3zNXYrdCt1kP8WsiGW8Oo2ka41b2IM5JL/S1CTyX1rW0mb/zSuJun0ZUrDxx4sqvYS2FWzPA==

typescript@^3.9.7:
  version "3.9.9"
  resolved "https://registry.yarnpkg.com/typescript/-/typescript-3.9.9.tgz#e69905c54bc0681d0518bd4d587cc6f2d0b1a674"
  integrity sha512-kdMjTiekY+z/ubJCATUPlRDl39vXYiMV9iyeMuEuXZh2we6zz80uovNN2WlAxmmdE/Z/YQe+EbOEXB5RHEED3w==

window-or-global@^1.0.1:
  version "1.0.1"
  resolved "https://registry.yarnpkg.com/window-or-global/-/window-or-global-1.0.1.tgz#dbe45ba2a291aabc56d62cf66c45b7fa322946de"
  integrity sha1-2+RboqKRqrxW1iz2bEW3+jIpRt4=
