# THIS IS AN AUTOGENERATED FILE. DO NOT EDIT THIS FILE DIRECTLY.
# yarn lockfile v1


"@babel/runtime@^7.6.2":
  version "7.13.10"
  resolved "https://registry.yarnpkg.com/@babel/runtime/-/runtime-7.13.10.tgz#47d42a57b6095f4468da440388fdbad8bebf0d7d"
  integrity sha512-4QPkjJq6Ns3V/RgpEahRk+AGfL0eO6RHHtTWoNNr5mO49G6B5+X6d6THgWEAvTrznU5xYpbAlVKRYcsCgh/Akw==
  dependencies:
    regenerator-runtime "^0.13.4"

"@plasmicapp/react-web@^0.2.24":
  version "0.2.27"
  resolved "https://registry.yarnpkg.com/@plasmicapp/react-web/-/react-web-0.2.27.tgz#d09597bbbd8dca1fafe37cc549fbc86e42deda5c"
  integrity sha512-wy3EgavKXIoFBTD5Kplgf46Kv7RPtyM+PxS7xUD17b1gKc0QKnEfyJ5WxuHTAQbcKAbV94C34oaDmrQs/nsYlg==
  dependencies:
    "@react-aria/focus" "^3.2.1"
    classnames "^2.2.6"

"@react-aria/focus@^3.2.1":
  version "3.2.4"
  resolved "https://registry.yarnpkg.com/@react-aria/focus/-/focus-3.2.4.tgz#86c4fbde51a7cae414407b2d421fb5b311cd62f5"
  integrity sha512-qoJoUDSriI7RCRq3L7yDOPtFZfquyjLA9d2pOJzvMx1F6dEqfNCaycyIg9lHykHXXhShgrXwfpyGTXoSUQpmtw==
  dependencies:
    "@babel/runtime" "^7.6.2"
    "@react-aria/interactions" "^3.3.4"
    "@react-aria/utils" "^3.7.0"
    "@react-types/shared" "^3.5.0"
    clsx "^1.1.1"

"@react-aria/interactions@^3.3.4":
  version "3.3.4"
  resolved "https://registry.yarnpkg.com/@react-aria/interactions/-/interactions-3.3.4.tgz#a5b3a87f886cf0f4e28cbd13fbe02c7efb4f1e2e"
  integrity sha512-WzT9aIRWvLZvZvuwNKKUkZzeomZgIrquAtwgRYGWbjSbrYPOT9B3w/GBEWZDYUG0c1K8NkIEAxTX0e+QI+tqAA==
  dependencies:
    "@babel/runtime" "^7.6.2"
    "@react-aria/utils" "^3.7.0"
    "@react-types/shared" "^3.5.0"

"@react-aria/ssr@^3.0.1":
  version "3.0.1"
  resolved "https://registry.yarnpkg.com/@react-aria/ssr/-/ssr-3.0.1.tgz#5f7c111f9ecd184b8f6140139703c1ee552dca30"
  integrity sha512-rweMNcSkUO4YkcmgFIoZFvgPyHN2P9DOjq3VOHnZ8SG3Y4TTvSY6Iv90KgzeEfmWCUqqt65FYH4JgrpGNToEMw==
  dependencies:
    "@babel/runtime" "^7.6.2"

"@react-aria/utils@^3.7.0":
  version "3.7.0"
  resolved "https://registry.yarnpkg.com/@react-aria/utils/-/utils-3.7.0.tgz#0aab1f682e9f1781cfadd2dd1ef9494bfaca0cbf"
  integrity sha512-sMCdX0eF+4B05I+SX9V/NzI1/fD45vabi0dNyJhbSu2xNI82VIYgPcMBDjGU83NJSnjY969R3/JbbLjBrtKUgA==
  dependencies:
    "@babel/runtime" "^7.6.2"
    "@react-aria/ssr" "^3.0.1"
    "@react-stately/utils" "^3.2.0"
    "@react-types/shared" "^3.5.0"
    clsx "^1.1.1"

"@react-stately/utils@^3.2.0":
  version "3.2.0"
  resolved "https://registry.yarnpkg.com/@react-stately/utils/-/utils-3.2.0.tgz#0b90a70fee3236025ad8bed1f0e3555d5fc10296"
  integrity sha512-vVBJvHVLnQySgqZ7OfP3ngDdwfGscJDsSD3WcN5ntHiT3JlZ5bksQReDkJEs20SFu2ST4w/0K7O4m97SbuMl2Q==
  dependencies:
    "@babel/runtime" "^7.6.2"

"@react-types/shared@^3.5.0":
  version "3.5.0"
  resolved "https://registry.yarnpkg.com/@react-types/shared/-/shared-3.5.0.tgz#dbc90e8fe711967e66d6f3ce0e17d34b24bd6283"
  integrity sha512-997Me7AegwJOI10ye/Q5ds6fT+VBc6XcsXYzPqOD+HIbyL1kUQNDF/VoO37ib7KEH8jXH9aceoX9blz3Q1QcpA==

"@types/classnames@^2.2.9":
  version "2.2.11"
  resolved "https://registry.yarnpkg.com/@types/classnames/-/classnames-2.2.11.tgz#2521cc86f69d15c5b90664e4829d84566052c1cf"
  integrity sha512-2koNhpWm3DgWRp5tpkiJ8JGc1xTn2q0l+jUNUE7oMKXUf5NpI9AIdC4kbjGNFBdHtcxBD18LAksoudAVhFKCjw==

"@types/esrever@^0.2.0":
  version "0.2.0"
  resolved "https://registry.yarnpkg.com/@types/esrever/-/esrever-0.2.0.tgz#96404a2284b2c7527f08a1e957f8a31705f9880f"
  integrity sha512-5NI6TeGzVEy/iBcuYtcPzzIC6EqlfQ2+UZ54vT0ulq8bPNGAy8UJD+XcsAyEOcnYFUjOVWuUV+k4/rVkxt9/XQ==

"@types/is-hotkey@^0.1.1":
  version "0.1.2"
  resolved "https://registry.yarnpkg.com/@types/is-hotkey/-/is-hotkey-0.1.2.tgz#94f00793b5a297a7f7e69c1ef49613da2243a987"
  integrity sha512-SUw9LpI3AIwbRNXS7FYy9AlXrTPIdBZGI7y4XxfIEYqgSW1UfFCUM9cMwHE/yCfTl0qeI0UQ/q8TdIxsIFgKPg==

"@types/lodash@^4.14.149":
  version "4.14.168"
  resolved "https://registry.yarnpkg.com/@types/lodash/-/lodash-4.14.168.tgz#fe24632e79b7ade3f132891afff86caa5e5ce008"
  integrity sha512-oVfRvqHV/V6D1yifJbVRU3TMp8OT6o6BG+U9MkwuJ3U8/CsDHvalRpsxBqivn71ztOFZBTfJMvETbqHiaNSj7Q==

"@types/node@^14.0.26":
  version "14.14.41"
  resolved "https://registry.yarnpkg.com/@types/node/-/node-14.14.41.tgz#d0b939d94c1d7bd53d04824af45f1139b8c45615"
  integrity sha512-dueRKfaJL4RTtSa7bWeTK1M+VH+Gns73oCgzvYfHZywRCoPSd8EkXBL0mZ9unPTveBn+D9phZBaxuzpwjWkW0g==

"@types/prop-types@*":
  version "15.7.3"
  resolved "https://registry.yarnpkg.com/@types/prop-types/-/prop-types-15.7.3.tgz#2ab0d5da2e5815f94b0b9d4b95d1e5f243ab2ca7"
  integrity sha512-KfRL3PuHmqQLOG+2tGpRO26Ctg+Cq1E01D2DMriKEATHgWLfeNDmq9e29Q9WIky0dQ3NPkd1mzYH8Lm936Z9qw==

"@types/react-dom@^16.9.8":
  version "16.9.12"
  resolved "https://registry.yarnpkg.com/@types/react-dom/-/react-dom-16.9.12.tgz#55cd6b17e73922edb9545e5355a0016c1734e6f4"
  integrity sha512-i7NPZZpPte3jtVOoW+eLB7G/jsX5OM6GqQnH+lC0nq0rqwlK0x8WcMEvYDgFWqWhWMlTltTimzdMax6wYfZssA==
  dependencies:
    "@types/react" "^16"

"@types/react@^16", "@types/react@^16.9.46":
  version "16.14.5"
  resolved "https://registry.yarnpkg.com/@types/react/-/react-16.14.5.tgz#2c39b5cadefaf4829818f9219e5e093325979f4d"
  integrity sha512-YRRv9DNZhaVTVRh9Wmmit7Y0UFhEVqXqCSw3uazRWMxa2x85hWQZ5BN24i7GXZbaclaLXEcodEeIHsjBA8eAMw==
  dependencies:
    "@types/prop-types" "*"
    "@types/scheduler" "*"
    csstype "^3.0.2"

"@types/scheduler@*":
  version "0.16.1"
  resolved "https://registry.yarnpkg.com/@types/scheduler/-/scheduler-0.16.1.tgz#18845205e86ff0038517aab7a18a62a6b9f71275"
  integrity sha512-EaCxbanVeyxDRTQBkdLb3Bvl/HK7PBK6UJjsSixB0iHKoWxE5uu2Q/DgtpOhPIojN0Zl1whvOd7PoHs2P0s5eA==

classnames@^2.2.6:
  version "2.3.1"
  resolved "https://registry.yarnpkg.com/classnames/-/classnames-2.3.1.tgz#dfcfa3891e306ec1dad105d0e88f4417b8535e8e"
  integrity sha512-OlQdbZ7gLfGarSqxesMesDa5uz7KFbID8Kpq/SxIoNGDqY8lSYs0D+hhtBXhcdB3rcbXArFr7vlHheLk1voeNA==

clsx@^1.1.1:
  version "1.1.1"
  resolved "https://registry.yarnpkg.com/clsx/-/clsx-1.1.1.tgz#98b3134f9abbdf23b2663491ace13c5c03a73188"
  integrity sha512-6/bPho624p3S2pMyvP5kKBPXnI3ufHLObBFCfgx+LkeR5lg2XYy2hqZqUf45ypD8COn2bhgGJSUE+l5dhNBieA==

compute-scroll-into-view@^1.0.17:
  version "1.0.17"
  resolved "https://registry.yarnpkg.com/compute-scroll-into-view/-/compute-scroll-into-view-1.0.17.tgz#6a88f18acd9d42e9cf4baa6bec7e0522607ab7ab"
  integrity sha512-j4dx+Fb0URmzbwwMUrhqWM2BEWHdFGx+qZ9qqASHRPqvTYdqvWnHg0H1hIbcyLnvgnoNAVMlwkepyqM3DaIFUg==

csstype@^3.0.2:
  version "3.0.7"
  resolved "https://registry.yarnpkg.com/csstype/-/csstype-3.0.7.tgz#2a5fb75e1015e84dd15692f71e89a1450290950b"
  integrity sha512-KxnUB0ZMlnUWCsx2Z8MUsr6qV6ja1w9ArPErJaJaF8a5SOWoHLIszeCTKGRGRgtLgYrs1E8CHkNSP1VZTTPc9g==

direction@^1.0.3:
  version "1.0.4"
  resolved "https://registry.yarnpkg.com/direction/-/direction-1.0.4.tgz#2b86fb686967e987088caf8b89059370d4837442"
  integrity sha512-GYqKi1aH7PJXxdhTeZBFrg8vUBeKXi+cNprXsC1kpJcbcVnV9wBsrOu1cQEdG0WeQwlfHiy3XvnKfIrJ2R0NzQ==

esrever@^0.2.0:
  version "0.2.0"
  resolved "https://registry.yarnpkg.com/esrever/-/esrever-0.2.0.tgz#96e9d28f4f1b1a76784cd5d490eaae010e7407b8"
  integrity sha1-lunSj08bGnZ4TNXUkOquAQ50B7g=

immer@^5.0.0:
  version "5.3.6"
  resolved "https://registry.yarnpkg.com/immer/-/immer-5.3.6.tgz#51eab8cbbeb13075fe2244250f221598818cac04"
  integrity sha512-pqWQ6ozVfNOUDjrLfm4Pt7q4Q12cGw2HUZgry4Q5+Myxu9nmHRkWBpI0J4+MK0AxbdFtdMTwEGVl7Vd+vEiK+A==

is-hotkey@^0.1.6:
  version "0.1.8"
  resolved "https://registry.yarnpkg.com/is-hotkey/-/is-hotkey-0.1.8.tgz#6b1f4b2d0e5639934e20c05ed24d623a21d36d25"
  integrity sha512-qs3NZ1INIS+H+yeo7cD9pDfwYV/jqRh1JG9S9zYrNudkoUQg7OL7ziXqRKu+InFjUIDoP2o6HIkLYMh1pcWgyQ==

is-plain-object@^3.0.0:
  version "3.0.1"
  resolved "https://registry.yarnpkg.com/is-plain-object/-/is-plain-object-3.0.1.tgz#662d92d24c0aa4302407b0d45d21f2251c85f85b"
  integrity sha512-Xnpx182SBMrr/aBik8y+GuR4U1L9FqMSojwDQwPMmxyC6bvEqly9UBCxhauBF5vNh2gwWJNX6oDV7O+OM4z34g==

"js-tokens@^3.0.0 || ^4.0.0":
  version "4.0.0"
  resolved "https://registry.yarnpkg.com/js-tokens/-/js-tokens-4.0.0.tgz#19203fb59991df98e3a287050d4647cdeaf32499"
  integrity sha512-RdJUflcE3cUzKiMqQgsCu06FPu9UdIJO0beYbPhHN4k6apgJtifcoCtT9bcxOpYBtpD2kCM6Sbzg4CausW/PKQ==

lodash@^4.17.4:
  version "4.17.21"
  resolved "https://registry.yarnpkg.com/lodash/-/lodash-4.17.21.tgz#679591c564c3bffaae8454cf0b3df370c3d6911c"
  integrity sha512-v2kDEe57lecTulaDIuNTPy3Ry4gLGJ6Z1O3vE1krgXZNrsQ+LFTGHVxVjcXPs17LhbZVGedAJv8XZ1tvj5FvSg==

loose-envify@^1.1.0, loose-envify@^1.4.0:
  version "1.4.0"
  resolved "https://registry.yarnpkg.com/loose-envify/-/loose-envify-1.4.0.tgz#71ee51fa7be4caec1a63839f7e682d8132d30caf"
  integrity sha512-lyuxPGr/Wfhrlem2CL/UcnUc1zcqKAImBDzukY7Y5F/yQiNdko6+fRLevlw1HgMySw7f611UIY408EtxRSoK3Q==
  dependencies:
    js-tokens "^3.0.0 || ^4.0.0"

mobx-react-lite@^2.0.7:
  version "2.2.2"
  resolved "https://registry.yarnpkg.com/mobx-react-lite/-/mobx-react-lite-2.2.2.tgz#87c217dc72b4e47b22493daf155daf3759f868a6"
  integrity sha512-2SlXALHIkyUPDsV4VTKVR9DW7K3Ksh1aaIv3NrNJygTbhXe2A9GrcKHZ2ovIiOp/BXilOcTYemfHHZubP431dg==

mobx@^5.15.4:
  version "5.15.7"
  resolved "https://registry.yarnpkg.com/mobx/-/mobx-5.15.7.tgz#b9a5f2b6251f5d96980d13c78e9b5d8d4ce22665"
  integrity sha512-wyM3FghTkhmC+hQjyPGGFdpehrcX1KOXsDuERhfK2YbJemkUhEB+6wzEN639T21onxlfYBmriA1PFnvxTUhcKw==

object-assign@^4.1.1:
  version "4.1.1"
  resolved "https://registry.yarnpkg.com/object-assign/-/object-assign-4.1.1.tgz#2109adc7965887cfc05cbbd442cac8bfbb360863"
  integrity sha1-IQmtx5ZYh8/AXLvUQsrIv7s2CGM=

prop-types@^15.6.2:
  version "15.7.2"
  resolved "https://registry.yarnpkg.com/prop-types/-/prop-types-15.7.2.tgz#52c41e75b8c87e72b9d9360e0206b99dcbffa6c5"
  integrity sha512-8QQikdH7//R2vurIJSutZ1smHYTcLpRWEOlHnzcWHmBYrOGUysKwSsrC89BCiFj3CbrfJ/nXFdJepOVrY1GCHQ==
  dependencies:
    loose-envify "^1.4.0"
    object-assign "^4.1.1"
    react-is "^16.8.1"

react-dom@^16.13.1:
  version "16.14.0"
  resolved "https://registry.yarnpkg.com/react-dom/-/react-dom-16.14.0.tgz#7ad838ec29a777fb3c75c3a190f661cf92ab8b89"
  integrity sha512-1gCeQXDLoIqMgqD3IO2Ah9bnf0w9kzhwN5q4FGnHZ67hBm9yePzB5JJAIQCc8x3pFnNlwFq4RidZggNAAkzWWw==
  dependencies:
    loose-envify "^1.1.0"
    object-assign "^4.1.1"
    prop-types "^15.6.2"
    scheduler "^0.19.1"

react-is@^16.8.1:
  version "16.13.1"
  resolved "https://registry.yarnpkg.com/react-is/-/react-is-16.13.1.tgz#789729a4dc36de2999dc156dd6c1d9c18cea56a4"
  integrity sha512-24e6ynE2H+OKt4kqsOvNd8kBpV65zoxbA4BVsEOB3ARVWQki/DHzaUoC5KuON/BiccDaCCTZBuOcfZs70kR8bQ==

react@^16.13.1:
  version "16.14.0"
  resolved "https://registry.yarnpkg.com/react/-/react-16.14.0.tgz#94d776ddd0aaa37da3eda8fc5b6b18a4c9a3114d"
  integrity sha512-0X2CImDkJGApiAlcf0ODKIneSwBPhqJawOa5wCtKbu7ZECrmS26NvtSILynQ66cgkT/RJ4LidJOc3bUESwmU8g==
  dependencies:
    loose-envify "^1.1.0"
    object-assign "^4.1.1"
    prop-types "^15.6.2"

regenerator-runtime@^0.13.4:
  version "0.13.7"
  resolved "https://registry.yarnpkg.com/regenerator-runtime/-/regenerator-runtime-0.13.7.tgz#cac2dacc8a1ea675feaabaeb8ae833898ae46f55"
  integrity sha512-a54FxoJDIr27pgf7IgeQGxmqUNYrcV338lf/6gH456HZ/PhX+5BcwHXG9ajESmwe6WRO0tAzRUrRmNONWgkrew==

resize-observer-polyfill@^1.5.1:
  version "1.5.1"
  resolved "https://registry.yarnpkg.com/resize-observer-polyfill/-/resize-observer-polyfill-1.5.1.tgz#0e9020dd3d21024458d4ebd27e23e40269810464"
  integrity sha512-LwZrotdHOo12nQuZlHEmtuXdqGoOD0OhaxopaNFxWzInpEgaLWoVuAMbTzixuosCx2nEG58ngzW3vxdWoxIgdg==

scheduler@^0.19.1:
  version "0.19.1"
  resolved "https://registry.yarnpkg.com/scheduler/-/scheduler-0.19.1.tgz#4f3e2ed2c1a7d65681f4c854fa8c5a1ccb40f196"
  integrity sha512-n/zwRWRYSUj0/3g/otKDRPMh6qv2SYMWNq85IEa8iZyAv8od9zDYpGSnpBEjNgcMNq6Scbu5KfIPxNF72R/2EA==
  dependencies:
    loose-envify "^1.1.0"
    object-assign "^4.1.1"

scroll-into-view-if-needed@^2.2.20:
  version "2.2.28"
  resolved "https://registry.yarnpkg.com/scroll-into-view-if-needed/-/scroll-into-view-if-needed-2.2.28.tgz#5a15b2f58a52642c88c8eca584644e01703d645a"
  integrity sha512-8LuxJSuFVc92+0AdNv4QOxRL4Abeo1DgLnGNkn1XlaujPH/3cCFz3QI60r2VNu4obJJROzgnIUw5TKQkZvZI1w==
  dependencies:
    compute-scroll-into-view "^1.0.17"

slate-react@^0.59.0:
  version "0.59.0"
  resolved "https://registry.yarnpkg.com/slate-react/-/slate-react-0.59.0.tgz#c8043dce7ea71279f314d9951c32e4f548b1ea0b"
  integrity sha512-Fx5vfTi0s1fY5PaXzPH8uA9mW8aevVVYrGGvqX/k363tlPDnQSs/QTibIyFl1Y3MPJ+GdocoyOGjAaZMUIXfIg==
  dependencies:
    "@types/is-hotkey" "^0.1.1"
    "@types/lodash" "^4.14.149"
    direction "^1.0.3"
    is-hotkey "^0.1.6"
    is-plain-object "^3.0.0"
    lodash "^4.17.4"
    scroll-into-view-if-needed "^2.2.20"

slate@^0.59.0:
  version "0.59.0"
  resolved "https://registry.yarnpkg.com/slate/-/slate-0.59.0.tgz#3169daf2f036e84aa149f60e0d12ef2fc4c0839e"
  integrity sha512-M4UTMkXExxuq8tCD+knn7BtV2pmY8pepay++EF59rmg/v4RB6X1gNzA0xP3aw2rqYl8TmWdOBdy9InFrm3WyXw==
  dependencies:
    "@types/esrever" "^0.2.0"
    esrever "^0.2.0"
    immer "^5.0.0"
    is-plain-object "^3.0.0"
    tiny-warning "^1.0.3"

tiny-warning@^1.0.3:
  version "1.0.3"
  resolved "https://registry.yarnpkg.com/tiny-warning/-/tiny-warning-1.0.3.tgz#94a30db453df4c643d0fd566060d60a875d84754"
  integrity sha512-lBN9zLN/oAf68o3zNXYrdCt1kP8WsiGW8Oo2ka41b2IM5JL/S1CTyX1rW0mb/zSuJun0ZUrDxx4sqvYS2FWzPA==

typescript@^3.9.7:
  version "3.9.9"
  resolved "https://registry.yarnpkg.com/typescript/-/typescript-3.9.9.tgz#e69905c54bc0681d0518bd4d587cc6f2d0b1a674"
  integrity sha512-kdMjTiekY+z/ubJCATUPlRDl39vXYiMV9iyeMuEuXZh2we6zz80uovNN2WlAxmmdE/Z/YQe+EbOEXB5RHEED3w==

window-or-global@^1.0.1:
  version "1.0.1"
  resolved "https://registry.yarnpkg.com/window-or-global/-/window-or-global-1.0.1.tgz#dbe45ba2a291aabc56d62cf66c45b7fa322946de"
  integrity sha1-2+RboqKRqrxW1iz2bEW3+jIpRt4=
